// !$*UTF8*$!
{
	archiveVersion = 1;
	classes = {
	};
	objectVersion = 46;
	objects = {

/* Begin PBXBuildFile section */
		FA7EA4A62E67F59ED9BEAF16 /* libPods.a in Frameworks */ = {isa = PBXBuildFile; fileRef = 8464210160150C3B77B11F65 /* libPods.a */; };
		FA9A7B731CBB7A4E0098433B /* add new button.png in Resources */ = {isa = PBXBuildFile; fileRef = FA9A7AF11CBB7A4E0098433B /* add new button.png */; };
		FA9A7B741CBB7A4E0098433B /* add new button@2x.png in Resources */ = {isa = PBXBuildFile; fileRef = FA9A7AF21CBB7A4E0098433B /* add new button@2x.png */; };
		FA9A7B751CBB7A4E0098433B /* add-class.png in Resources */ = {isa = PBXBuildFile; fileRef = FA9A7AF31CBB7A4E0098433B /* add-class.png */; };
		FA9A7B761CBB7A4E0098433B /* add-class@2x.png in Resources */ = {isa = PBXBuildFile; fileRef = FA9A7AF41CBB7A4E0098433B /* add-class@2x.png */; };
		FA9A7B771CBB7A4E0098433B /* add-class@3x.png in Resources */ = {isa = PBXBuildFile; fileRef = FA9A7AF51CBB7A4E0098433B /* add-class@3x.png */; };
		FA9A7B781CBB7A4E0098433B /* empty-class.png in Resources */ = {isa = PBXBuildFile; fileRef = FA9A7AF61CBB7A4E0098433B /* empty-class.png */; };
		FA9A7B791CBB7A4E0098433B /* empty-class@2x.png in Resources */ = {isa = PBXBuildFile; fileRef = FA9A7AF71CBB7A4E0098433B /* empty-class@2x.png */; };
		FA9A7B7A1CBB7A4E0098433B /* empty-class@3x.png in Resources */ = {isa = PBXBuildFile; fileRef = FA9A7AF81CBB7A4E0098433B /* empty-class@3x.png */; };
		FA9A7B7B1CBB7A4E0098433B /* empty-feed.png in Resources */ = {isa = PBXBuildFile; fileRef = FA9A7AF91CBB7A4E0098433B /* empty-feed.png */; };
		FA9A7B7C1CBB7A4E0098433B /* empty-feed@2x.png in Resources */ = {isa = PBXBuildFile; fileRef = FA9A7AFA1CBB7A4E0098433B /* empty-feed@2x.png */; };
		FA9A7B7D1CBB7A4E0098433B /* empty-feed@3x.png in Resources */ = {isa = PBXBuildFile; fileRef = FA9A7AFB1CBB7A4E0098433B /* empty-feed@3x.png */; };
		FA9A7B7E1CBB7A4E0098433B /* factoid.png in Resources */ = {isa = PBXBuildFile; fileRef = FA9A7AFC1CBB7A4E0098433B /* factoid.png */; };
		FA9A7B7F1CBB7A4E0098433B /* factoid@2x.png in Resources */ = {isa = PBXBuildFile; fileRef = FA9A7AFD1CBB7A4E0098433B /* factoid@2x.png */; };
		FA9A7B801CBB7A4E0098433B /* factoid@3x.png in Resources */ = {isa = PBXBuildFile; fileRef = FA9A7AFE1CBB7A4E0098433B /* factoid@3x.png */; };
		FA9A7B811CBB7A4E0098433B /* big arrow right.png in Resources */ = {isa = PBXBuildFile; fileRef = FA9A7B001CBB7A4E0098433B /* big arrow right.png */; };
		FA9A7B821CBB7A4E0098433B /* big arrow right@2x.png in Resources */ = {isa = PBXBuildFile; fileRef = FA9A7B011CBB7A4E0098433B /* big arrow right@2x.png */; };
		FA9A7B831CBB7A4E0098433B /* big arrow right@3x.png in Resources */ = {isa = PBXBuildFile; fileRef = FA9A7B021CBB7A4E0098433B /* big arrow right@3x.png */; };
		FA9A7B841CBB7A4E0098433B /* arrow-right.png in Resources */ = {isa = PBXBuildFile; fileRef = FA9A7B041CBB7A4E0098433B /* arrow-right.png */; };
		FA9A7B851CBB7A4E0098433B /* arrow-right@2x.png in Resources */ = {isa = PBXBuildFile; fileRef = FA9A7B051CBB7A4E0098433B /* arrow-right@2x.png */; };
		FA9A7B861CBB7A4E0098433B /* arrow-right@3x.png in Resources */ = {isa = PBXBuildFile; fileRef = FA9A7B061CBB7A4E0098433B /* arrow-right@3x.png */; };
		FA9A7B871CBB7A4E0098433B /* left-arrow.png in Resources */ = {isa = PBXBuildFile; fileRef = FA9A7B071CBB7A4E0098433B /* left-arrow.png */; };
		FA9A7B881CBB7A4E0098433B /* left-arrow@2x.png in Resources */ = {isa = PBXBuildFile; fileRef = FA9A7B081CBB7A4E0098433B /* left-arrow@2x.png */; };
		FA9A7B891CBB7A4E0098433B /* left-arrow@3x.png in Resources */ = {isa = PBXBuildFile; fileRef = FA9A7B091CBB7A4E0098433B /* left-arrow@3x.png */; };
		FA9A7B8A1CBB7A4E0098433B /* checked.png in Resources */ = {isa = PBXBuildFile; fileRef = FA9A7B0A1CBB7A4E0098433B /* checked.png */; };
		FA9A7B8B1CBB7A4E0098433B /* checked@2x.png in Resources */ = {isa = PBXBuildFile; fileRef = FA9A7B0B1CBB7A4E0098433B /* checked@2x.png */; };
		FA9A7B8C1CBB7A4E0098433B /* checked@3x.png in Resources */ = {isa = PBXBuildFile; fileRef = FA9A7B0C1CBB7A4E0098433B /* checked@3x.png */; };
		FA9A7B8D1CBB7A4E0098433B /* delete.png in Resources */ = {isa = PBXBuildFile; fileRef = FA9A7B0D1CBB7A4E0098433B /* delete.png */; };
		FA9A7B8E1CBB7A4E0098433B /* delete@2x.png in Resources */ = {isa = PBXBuildFile; fileRef = FA9A7B0E1CBB7A4E0098433B /* delete@2x.png */; };
		FA9A7B8F1CBB7A4E0098433B /* delete@3x.png in Resources */ = {isa = PBXBuildFile; fileRef = FA9A7B0F1CBB7A4E0098433B /* delete@3x.png */; };
		FA9A7B901CBB7A4E0098433B /* edit.png in Resources */ = {isa = PBXBuildFile; fileRef = FA9A7B101CBB7A4E0098433B /* edit.png */; };
		FA9A7B911CBB7A4E0098433B /* edit@2x.png in Resources */ = {isa = PBXBuildFile; fileRef = FA9A7B111CBB7A4E0098433B /* edit@2x.png */; };
		FA9A7B921CBB7A4E0098433B /* edit@3x.png in Resources */ = {isa = PBXBuildFile; fileRef = FA9A7B121CBB7A4E0098433B /* edit@3x.png */; };
		FA9A7B931CBB7A4E0098433B /* email.png in Resources */ = {isa = PBXBuildFile; fileRef = FA9A7B131CBB7A4E0098433B /* email.png */; };
		FA9A7B941CBB7A4E0098433B /* email@2x.png in Resources */ = {isa = PBXBuildFile; fileRef = FA9A7B141CBB7A4E0098433B /* email@2x.png */; };
		FA9A7B951CBB7A4E0098433B /* email@3x.png in Resources */ = {isa = PBXBuildFile; fileRef = FA9A7B151CBB7A4E0098433B /* email@3x.png */; };
		FA9A7B961CBB7A4E0098433B /* file.png in Resources */ = {isa = PBXBuildFile; fileRef = FA9A7B161CBB7A4E0098433B /* file.png */; };
		FA9A7B971CBB7A4E0098433B /* file@2x.png in Resources */ = {isa = PBXBuildFile; fileRef = FA9A7B171CBB7A4E0098433B /* file@2x.png */; };
		FA9A7B981CBB7A4E0098433B /* file@3x.png in Resources */ = {isa = PBXBuildFile; fileRef = FA9A7B181CBB7A4E0098433B /* file@3x.png */; };
		FA9A7B991CBB7A4E0098433B /* logout.png in Resources */ = {isa = PBXBuildFile; fileRef = FA9A7B191CBB7A4E0098433B /* logout.png */; };
		FA9A7B9A1CBB7A4E0098433B /* logout@2x.png in Resources */ = {isa = PBXBuildFile; fileRef = FA9A7B1A1CBB7A4E0098433B /* logout@2x.png */; };
		FA9A7B9B1CBB7A4E0098433B /* logout@3x.png in Resources */ = {isa = PBXBuildFile; fileRef = FA9A7B1B1CBB7A4E0098433B /* logout@3x.png */; };
		FA9A7B9C1CBB7A4E0098433B /* members.png in Resources */ = {isa = PBXBuildFile; fileRef = FA9A7B1C1CBB7A4E0098433B /* members.png */; };
		FA9A7B9D1CBB7A4E0098433B /* members@2x.png in Resources */ = {isa = PBXBuildFile; fileRef = FA9A7B1D1CBB7A4E0098433B /* members@2x.png */; };
		FA9A7B9E1CBB7A4E0098433B /* members@3x.png in Resources */ = {isa = PBXBuildFile; fileRef = FA9A7B1E1CBB7A4E0098433B /* members@3x.png */; };
		FA9A7B9F1CBB7A4E0098433B /* more-details.png in Resources */ = {isa = PBXBuildFile; fileRef = FA9A7B1F1CBB7A4E0098433B /* more-details.png */; };
		FA9A7BA01CBB7A4E0098433B /* more-details@2x.png in Resources */ = {isa = PBXBuildFile; fileRef = FA9A7B201CBB7A4E0098433B /* more-details@2x.png */; };
		FA9A7BA11CBB7A4E0098433B /* more-details@3x.png in Resources */ = {isa = PBXBuildFile; fileRef = FA9A7B211CBB7A4E0098433B /* more-details@3x.png */; };
		FA9A7BA21CBB7A4E0098433B /* padlock.png in Resources */ = {isa = PBXBuildFile; fileRef = FA9A7B221CBB7A4E0098433B /* padlock.png */; };
		FA9A7BA31CBB7A4E0098433B /* padlock@2x.png in Resources */ = {isa = PBXBuildFile; fileRef = FA9A7B231CBB7A4E0098433B /* padlock@2x.png */; };
		FA9A7BA41CBB7A4E0098433B /* padlock@3x.png in Resources */ = {isa = PBXBuildFile; fileRef = FA9A7B241CBB7A4E0098433B /* padlock@3x.png */; };
		FA9A7BA51CBB7A4E0098433B /* paper-clip.png in Resources */ = {isa = PBXBuildFile; fileRef = FA9A7B251CBB7A4E0098433B /* paper-clip.png */; };
		FA9A7BA61CBB7A4E0098433B /* paper-clip@2x.png in Resources */ = {isa = PBXBuildFile; fileRef = FA9A7B261CBB7A4E0098433B /* paper-clip@2x.png */; };
		FA9A7BA71CBB7A4E0098433B /* paper-clip@3x.png in Resources */ = {isa = PBXBuildFile; fileRef = FA9A7B271CBB7A4E0098433B /* paper-clip@3x.png */; };
		FA9A7BA81CBB7A4E0098433B /* resources.png in Resources */ = {isa = PBXBuildFile; fileRef = FA9A7B281CBB7A4E0098433B /* resources.png */; };
		FA9A7BA91CBB7A4E0098433B /* resources@2x.png in Resources */ = {isa = PBXBuildFile; fileRef = FA9A7B291CBB7A4E0098433B /* resources@2x.png */; };
		FA9A7BAA1CBB7A4E0098433B /* resources@3x.png in Resources */ = {isa = PBXBuildFile; fileRef = FA9A7B2A1CBB7A4E0098433B /* resources@3x.png */; };
		FA9A7BAB1CBB7A4E0098433B /* study-group.png in Resources */ = {isa = PBXBuildFile; fileRef = FA9A7B2B1CBB7A4E0098433B /* study-group.png */; };
		FA9A7BAC1CBB7A4E0098433B /* study-group@2x.png in Resources */ = {isa = PBXBuildFile; fileRef = FA9A7B2C1CBB7A4E0098433B /* study-group@2x.png */; };
		FA9A7BAD1CBB7A4E0098433B /* study-group@3x.png in Resources */ = {isa = PBXBuildFile; fileRef = FA9A7B2D1CBB7A4E0098433B /* study-group@3x.png */; };
		FA9A7BAE1CBB7A4E0098433B /* chats.png in Resources */ = {isa = PBXBuildFile; fileRef = FA9A7B2F1CBB7A4E0098433B /* chats.png */; };
		FA9A7BAF1CBB7A4E0098433B /* chats@2x.png in Resources */ = {isa = PBXBuildFile; fileRef = FA9A7B301CBB7A4E0098433B /* chats@2x.png */; };
		FA9A7BB01CBB7A4E0098433B /* chats@3x.png in Resources */ = {isa = PBXBuildFile; fileRef = FA9A7B311CBB7A4E0098433B /* chats@3x.png */; };
		FA9A7BB11CBB7A4E0098433B /* home.png in Resources */ = {isa = PBXBuildFile; fileRef = FA9A7B321CBB7A4E0098433B /* home.png */; };
		FA9A7BB21CBB7A4E0098433B /* home@2x.png in Resources */ = {isa = PBXBuildFile; fileRef = FA9A7B331CBB7A4E0098433B /* home@2x.png */; };
		FA9A7BB31CBB7A4E0098433B /* home@3x.png in Resources */ = {isa = PBXBuildFile; fileRef = FA9A7B341CBB7A4E0098433B /* home@3x.png */; };
		FA9A7BB41CBB7A4E0098433B /* pencil ruler.png in Resources */ = {isa = PBXBuildFile; fileRef = FA9A7B351CBB7A4E0098433B /* pencil ruler.png */; };
		FA9A7BB51CBB7A4E0098433B /* pencil ruler@2x.png in Resources */ = {isa = PBXBuildFile; fileRef = FA9A7B361CBB7A4E0098433B /* pencil ruler@2x.png */; };
		FA9A7BB61CBB7A4E0098433B /* pencil ruler@3x.png in Resources */ = {isa = PBXBuildFile; fileRef = FA9A7B371CBB7A4E0098433B /* pencil ruler@3x.png */; };
		FA9A7BB71CBB7A4E0098433B /* planner.png in Resources */ = {isa = PBXBuildFile; fileRef = FA9A7B381CBB7A4E0098433B /* planner.png */; };
		FA9A7BB81CBB7A4E0098433B /* planner@2x.png in Resources */ = {isa = PBXBuildFile; fileRef = FA9A7B391CBB7A4E0098433B /* planner@2x.png */; };
		FA9A7BB91CBB7A4E0098433B /* planner@3x.png in Resources */ = {isa = PBXBuildFile; fileRef = FA9A7B3A1CBB7A4E0098433B /* planner@3x.png */; };
		FA9A7BBA1CBB7A4E0098433B /* profile.png in Resources */ = {isa = PBXBuildFile; fileRef = FA9A7B3B1CBB7A4E0098433B /* profile.png */; };
		FA9A7BBB1CBB7A4E0098433B /* profile@2x.png in Resources */ = {isa = PBXBuildFile; fileRef = FA9A7B3C1CBB7A4E0098433B /* profile@2x.png */; };
		FA9A7BBC1CBB7A4E0098433B /* profile@3x.png in Resources */ = {isa = PBXBuildFile; fileRef = FA9A7B3D1CBB7A4E0098433B /* profile@3x.png */; };
		FA9A7BBD1CBB7A4E0098433B /* take-a-photo.png in Resources */ = {isa = PBXBuildFile; fileRef = FA9A7B3E1CBB7A4E0098433B /* take-a-photo.png */; };
		FA9A7BBE1CBB7A4E0098433B /* take-a-photo@2x.png in Resources */ = {isa = PBXBuildFile; fileRef = FA9A7B3F1CBB7A4E0098433B /* take-a-photo@2x.png */; };
		FA9A7BBF1CBB7A4E0098433B /* take-a-photo@3x.png in Resources */ = {isa = PBXBuildFile; fileRef = FA9A7B401CBB7A4E0098433B /* take-a-photo@3x.png */; };
		FA9A7BC01CBB7A4E0098433B /* add.png in Resources */ = {isa = PBXBuildFile; fileRef = FA9A7B421CBB7A4E0098433B /* add.png */; };
		FA9A7BC11CBB7A4E0098433B /* add@2x.png in Resources */ = {isa = PBXBuildFile; fileRef = FA9A7B431CBB7A4E0098433B /* add@2x.png */; };
		FA9A7BC21CBB7A4E0098433B /* add@3x.png in Resources */ = {isa = PBXBuildFile; fileRef = FA9A7B441CBB7A4E0098433B /* add@3x.png */; };
		FA9A7BC31CBB7A4E0098433B /* back.png in Resources */ = {isa = PBXBuildFile; fileRef = FA9A7B451CBB7A4E0098433B /* back.png */; };
		FA9A7BC41CBB7A4E0098433B /* back@2x.png in Resources */ = {isa = PBXBuildFile; fileRef = FA9A7B461CBB7A4E0098433B /* back@2x.png */; };
		FA9A7BC51CBB7A4E0098433B /* back@3x.png in Resources */ = {isa = PBXBuildFile; fileRef = FA9A7B471CBB7A4E0098433B /* back@3x.png */; };
		FA9A7BC61CBB7A4E0098433B /* calendar.png in Resources */ = {isa = PBXBuildFile; fileRef = FA9A7B481CBB7A4E0098433B /* calendar.png */; };
		FA9A7BC71CBB7A4E0098433B /* calendar@2x.png in Resources */ = {isa = PBXBuildFile; fileRef = FA9A7B491CBB7A4E0098433B /* calendar@2x.png */; };
		FA9A7BC81CBB7A4E0098433B /* calendar@3x.png in Resources */ = {isa = PBXBuildFile; fileRef = FA9A7B4A1CBB7A4E0098433B /* calendar@3x.png */; };
		FA9A7BC91CBB7A4E0098433B /* menu.png in Resources */ = {isa = PBXBuildFile; fileRef = FA9A7B4B1CBB7A4E0098433B /* menu.png */; };
		FA9A7BCA1CBB7A4E0098433B /* menu@2x.png in Resources */ = {isa = PBXBuildFile; fileRef = FA9A7B4C1CBB7A4E0098433B /* menu@2x.png */; };
		FA9A7BCB1CBB7A4E0098433B /* menu@3x.png in Resources */ = {isa = PBXBuildFile; fileRef = FA9A7B4D1CBB7A4E0098433B /* menu@3x.png */; };
		FA9A7BCC1CBB7A4E0098433B /* search.png in Resources */ = {isa = PBXBuildFile; fileRef = FA9A7B4E1CBB7A4E0098433B /* search.png */; };
		FA9A7BCD1CBB7A4E0098433B /* search@2x.png in Resources */ = {isa = PBXBuildFile; fileRef = FA9A7B4F1CBB7A4E0098433B /* search@2x.png */; };
		FA9A7BCE1CBB7A4E0098433B /* search@3x.png in Resources */ = {isa = PBXBuildFile; fileRef = FA9A7B501CBB7A4E0098433B /* search@3x.png */; };
		FA9A7BCF1CBB7A4E0098433B /* trash.png in Resources */ = {isa = PBXBuildFile; fileRef = FA9A7B511CBB7A4E0098433B /* trash.png */; };
		FA9A7BD01CBB7A4E0098433B /* trash@2x.png in Resources */ = {isa = PBXBuildFile; fileRef = FA9A7B521CBB7A4E0098433B /* trash@2x.png */; };
		FA9A7BD11CBB7A4E0098433B /* trash@3x.png in Resources */ = {isa = PBXBuildFile; fileRef = FA9A7B531CBB7A4E0098433B /* trash@3x.png */; };
		FA9A7BD21CBB7A4E0098433B /* uncheked.png in Resources */ = {isa = PBXBuildFile; fileRef = FA9A7B541CBB7A4E0098433B /* uncheked.png */; };
		FA9A7BD31CBB7A4E0098433B /* uncheked@2x.png in Resources */ = {isa = PBXBuildFile; fileRef = FA9A7B551CBB7A4E0098433B /* uncheked@2x.png */; };
		FA9A7BD41CBB7A4E0098433B /* uncheked@3x.png in Resources */ = {isa = PBXBuildFile; fileRef = FA9A7B561CBB7A4E0098433B /* uncheked@3x.png */; };
		FA9A7BD51CBB7A4E0098433B /* upload.png in Resources */ = {isa = PBXBuildFile; fileRef = FA9A7B571CBB7A4E0098433B /* upload.png */; };
		FA9A7BD61CBB7A4E0098433B /* upload@2x.png in Resources */ = {isa = PBXBuildFile; fileRef = FA9A7B581CBB7A4E0098433B /* upload@2x.png */; };
		FA9A7BD71CBB7A4E0098433B /* upload@3x.png in Resources */ = {isa = PBXBuildFile; fileRef = FA9A7B591CBB7A4E0098433B /* upload@3x.png */; };
		FA9A7BD81CBB7A4E0098433B /* available.png in Resources */ = {isa = PBXBuildFile; fileRef = FA9A7B5B1CBB7A4E0098433B /* available.png */; };
		FA9A7BD91CBB7A4E0098433B /* available@2x.png in Resources */ = {isa = PBXBuildFile; fileRef = FA9A7B5C1CBB7A4E0098433B /* available@2x.png */; };
		FA9A7BDA1CBB7A4E0098433B /* available@3x.png in Resources */ = {isa = PBXBuildFile; fileRef = FA9A7B5D1CBB7A4E0098433B /* available@3x.png */; };
		FA9A7BDB1CBB7A4E0098433B /* not-avalable.png in Resources */ = {isa = PBXBuildFile; fileRef = FA9A7B5E1CBB7A4E0098433B /* not-avalable.png */; };
		FA9A7BDC1CBB7A4E0098433B /* not-avalable@2x.png in Resources */ = {isa = PBXBuildFile; fileRef = FA9A7B5F1CBB7A4E0098433B /* not-avalable@2x.png */; };
		FA9A7BDD1CBB7A4E0098433B /* not-avalable@3x.png in Resources */ = {isa = PBXBuildFile; fileRef = FA9A7B601CBB7A4E0098433B /* not-avalable@3x.png */; };
		FA9A7BDE1CBB7A4E0098433B /* logo.png in Resources */ = {isa = PBXBuildFile; fileRef = FA9A7B611CBB7A4E0098433B /* logo.png */; };
		FA9A7BDF1CBB7A4E0098433B /* logo@2x.png in Resources */ = {isa = PBXBuildFile; fileRef = FA9A7B621CBB7A4E0098433B /* logo@2x.png */; };
		FA9A7BE01CBB7A4E0098433B /* logo@3x.png in Resources */ = {isa = PBXBuildFile; fileRef = FA9A7B631CBB7A4E0098433B /* logo@3x.png */; };
		FA9A7BE11CBB7A4E0098433B /* message-sent.png in Resources */ = {isa = PBXBuildFile; fileRef = FA9A7B641CBB7A4E0098433B /* message-sent.png */; };
		FA9A7BE21CBB7A4E0098433B /* message-sent@2x.png in Resources */ = {isa = PBXBuildFile; fileRef = FA9A7B651CBB7A4E0098433B /* message-sent@2x.png */; };
		FA9A7BE31CBB7A4E0098433B /* message-sent@3x.png in Resources */ = {isa = PBXBuildFile; fileRef = FA9A7B661CBB7A4E0098433B /* message-sent@3x.png */; };
		FA9A7BE41CBB7A4E0098433B /* new-study-group.png in Resources */ = {isa = PBXBuildFile; fileRef = FA9A7B671CBB7A4E0098433B /* new-study-group.png */; };
		FA9A7BE51CBB7A4E0098433B /* new-study-group@2x.png in Resources */ = {isa = PBXBuildFile; fileRef = FA9A7B681CBB7A4E0098433B /* new-study-group@2x.png */; };
		FA9A7BE61CBB7A4E0098433B /* new-study-group@3x.png in Resources */ = {isa = PBXBuildFile; fileRef = FA9A7B691CBB7A4E0098433B /* new-study-group@3x.png */; };
		FA9A7BE71CBB7A4E0098433B /* settings.png in Resources */ = {isa = PBXBuildFile; fileRef = FA9A7B6A1CBB7A4E0098433B /* settings.png */; };
		FA9A7BE81CBB7A4E0098433B /* settings@2x.png in Resources */ = {isa = PBXBuildFile; fileRef = FA9A7B6B1CBB7A4E0098433B /* settings@2x.png */; };
		FA9A7BE91CBB7A4E0098433B /* settings@3x.png in Resources */ = {isa = PBXBuildFile; fileRef = FA9A7B6C1CBB7A4E0098433B /* settings@3x.png */; };
		FA9A7BEA1CBB7A4E0098433B /* switch off.png in Resources */ = {isa = PBXBuildFile; fileRef = FA9A7B6D1CBB7A4E0098433B /* switch off.png */; };
		FA9A7BEB1CBB7A4E0098433B /* switch off@2x.png in Resources */ = {isa = PBXBuildFile; fileRef = FA9A7B6E1CBB7A4E0098433B /* switch off@2x.png */; };
		FA9A7BEC1CBB7A4E0098433B /* switch off@3x.png in Resources */ = {isa = PBXBuildFile; fileRef = FA9A7B6F1CBB7A4E0098433B /* switch off@3x.png */; };
		FA9A7BED1CBB7A4E0098433B /* switch on.png in Resources */ = {isa = PBXBuildFile; fileRef = FA9A7B701CBB7A4E0098433B /* switch on.png */; };
		FA9A7BEE1CBB7A4E0098433B /* switch on@2x.png in Resources */ = {isa = PBXBuildFile; fileRef = FA9A7B711CBB7A4E0098433B /* switch on@2x.png */; };
		FA9A7BEF1CBB7A4E0098433B /* switch on@3x.png in Resources */ = {isa = PBXBuildFile; fileRef = FA9A7B721CBB7A4E0098433B /* switch on@3x.png */; };
		FA9A7BF91CBB84BF0098433B /* BaseNavigationController.m in Sources */ = {isa = PBXBuildFile; fileRef = FA9A7BF21CBB84BF0098433B /* BaseNavigationController.m */; };
		FA9A7BFA1CBB84BF0098433B /* BaseViewController.m in Sources */ = {isa = PBXBuildFile; fileRef = FA9A7BF41CBB84BF0098433B /* BaseViewController.m */; };
		FA9A7BFB1CBB84BF0098433B /* TokenModel.m in Sources */ = {isa = PBXBuildFile; fileRef = FA9A7BF61CBB84BF0098433B /* TokenModel.m */; };
		FA9A7BFC1CBB84BF0098433B /* UserModel.m in Sources */ = {isa = PBXBuildFile; fileRef = FA9A7BF81CBB84BF0098433B /* UserModel.m */; };
		FA9F70A61CBB8549006B9545 /* KeychainWrapper.m in Sources */ = {isa = PBXBuildFile; fileRef = FA9F70A51CBB8549006B9545 /* KeychainWrapper.m */; };
		FA9F70B31CBB85B6006B9545 /* NSError+Network.m in Sources */ = {isa = PBXBuildFile; fileRef = FA9F70AA1CBB85B6006B9545 /* NSError+Network.m */; };
		FA9F70B41CBB85B6006B9545 /* NSString+Validation.m in Sources */ = {isa = PBXBuildFile; fileRef = FA9F70AC1CBB85B6006B9545 /* NSString+Validation.m */; };
		FA9F70B51CBB85B6006B9545 /* UIAlertView+CustomAlert.m in Sources */ = {isa = PBXBuildFile; fileRef = FA9F70AE1CBB85B6006B9545 /* UIAlertView+CustomAlert.m */; };
		FA9F70B61CBB85B6006B9545 /* UIColor+CustomColors.m in Sources */ = {isa = PBXBuildFile; fileRef = FA9F70B01CBB85B6006B9545 /* UIColor+CustomColors.m */; };
		FA9F70B71CBB85B6006B9545 /* UIImage+Base64.m in Sources */ = {isa = PBXBuildFile; fileRef = FA9F70B21CBB85B6006B9545 /* UIImage+Base64.m */; };
		FA9F70BC1CBB8984006B9545 /* Podfile in Resources */ = {isa = PBXBuildFile; fileRef = FA9F70BB1CBB8984006B9545 /* Podfile */; };
		FA9F70C21CBB9254006B9545 /* LoginViewController.m in Sources */ = {isa = PBXBuildFile; fileRef = FA9F70C11CBB9254006B9545 /* LoginViewController.m */; };
		FA9F70EF1CBB969D006B9545 /* Background.png in Resources */ = {isa = PBXBuildFile; fileRef = FA9F70C41CBB969D006B9545 /* Background.png */; };
		FA9F70F01CBB969D006B9545 /* Background640_960.png in Resources */ = {isa = PBXBuildFile; fileRef = FA9F70C51CBB969D006B9545 /* Background640_960.png */; };
		FA9F70F11CBB969D006B9545 /* Background640_960@2x.png in Resources */ = {isa = PBXBuildFile; fileRef = FA9F70C61CBB969D006B9545 /* Background640_960@2x.png */; };
		FA9F70F21CBB969D006B9545 /* Background640_960@3x.png in Resources */ = {isa = PBXBuildFile; fileRef = FA9F70C71CBB969D006B9545 /* Background640_960@3x.png */; };
		FA9F70F31CBB969D006B9545 /* Background@2x.png in Resources */ = {isa = PBXBuildFile; fileRef = FA9F70C81CBB969D006B9545 /* Background@2x.png */; };
		FA9F70F41CBB969E006B9545 /* Background@3x.png in Resources */ = {isa = PBXBuildFile; fileRef = FA9F70C91CBB969D006B9545 /* Background@3x.png */; };
		FA9F70F51CBB969E006B9545 /* BackgroundLogin.png in Resources */ = {isa = PBXBuildFile; fileRef = FA9F70CA1CBB969D006B9545 /* BackgroundLogin.png */; };
		FA9F70F61CBB969E006B9545 /* BackgroundLogin@2x.png in Resources */ = {isa = PBXBuildFile; fileRef = FA9F70CB1CBB969D006B9545 /* BackgroundLogin@2x.png */; };
		FA9F70F71CBB969E006B9545 /* BackgroundLogin@3x.png in Resources */ = {isa = PBXBuildFile; fileRef = FA9F70CC1CBB969D006B9545 /* BackgroundLogin@3x.png */; };
		FA9F70F81CBB969E006B9545 /* LoginBack.png in Resources */ = {isa = PBXBuildFile; fileRef = FA9F70CD1CBB969D006B9545 /* LoginBack.png */; };
		FA9F70F91CBB969E006B9545 /* LoginBack@2x.png in Resources */ = {isa = PBXBuildFile; fileRef = FA9F70CE1CBB969D006B9545 /* LoginBack@2x.png */; };
		FA9F70FA1CBB969E006B9545 /* LoginBack@3x.png in Resources */ = {isa = PBXBuildFile; fileRef = FA9F70CF1CBB969D006B9545 /* LoginBack@3x.png */; };
		FA9F70FB1CBB969E006B9545 /* LoginBackGround.png in Resources */ = {isa = PBXBuildFile; fileRef = FA9F70D01CBB969D006B9545 /* LoginBackGround.png */; };
		FA9F70FC1CBB969E006B9545 /* LoginBackGround@2x.png in Resources */ = {isa = PBXBuildFile; fileRef = FA9F70D11CBB969D006B9545 /* LoginBackGround@2x.png */; };
		FA9F70FD1CBB969E006B9545 /* LoginBackGround@3x.png in Resources */ = {isa = PBXBuildFile; fileRef = FA9F70D21CBB969D006B9545 /* LoginBackGround@3x.png */; };
		FA9F70FE1CBB969E006B9545 /* LoginScreen_iphone5.png in Resources */ = {isa = PBXBuildFile; fileRef = FA9F70D31CBB969D006B9545 /* LoginScreen_iphone5.png */; };
		FA9F70FF1CBB969E006B9545 /* LoginScreen_iphone5@2x.png in Resources */ = {isa = PBXBuildFile; fileRef = FA9F70D41CBB969D006B9545 /* LoginScreen_iphone5@2x.png */; };
		FA9F71001CBB969E006B9545 /* LoginScreen_iphone5@3x.png in Resources */ = {isa = PBXBuildFile; fileRef = FA9F70D51CBB969D006B9545 /* LoginScreen_iphone5@3x.png */; };
		FA9F71011CBB969E006B9545 /* recover password.png in Resources */ = {isa = PBXBuildFile; fileRef = FA9F70D61CBB969D006B9545 /* recover password.png */; };
		FA9F71021CBB969E006B9545 /* recover password@1x.png in Resources */ = {isa = PBXBuildFile; fileRef = FA9F70D71CBB969D006B9545 /* recover password@1x.png */; };
		FA9F71031CBB969E006B9545 /* recover password@2x.png in Resources */ = {isa = PBXBuildFile; fileRef = FA9F70D81CBB969D006B9545 /* recover password@2x.png */; };
		FA9F71041CBB969E006B9545 /* recover password@3x.png in Resources */ = {isa = PBXBuildFile; fileRef = FA9F70D91CBB969D006B9545 /* recover password@3x.png */; };
		FA9F71051CBB969E006B9545 /* RecoverPassword.png in Resources */ = {isa = PBXBuildFile; fileRef = FA9F70DA1CBB969D006B9545 /* RecoverPassword.png */; };
		FA9F71061CBB969E006B9545 /* RecoverPassword@2x.png in Resources */ = {isa = PBXBuildFile; fileRef = FA9F70DB1CBB969D006B9545 /* RecoverPassword@2x.png */; };
		FA9F71071CBB969E006B9545 /* RecoverPassword@3x.png in Resources */ = {isa = PBXBuildFile; fileRef = FA9F70DC1CBB969D006B9545 /* RecoverPassword@3x.png */; };
		FA9F71081CBB969E006B9545 /* RecoverPassword_iphone5.png in Resources */ = {isa = PBXBuildFile; fileRef = FA9F70DD1CBB969D006B9545 /* RecoverPassword_iphone5.png */; };
		FA9F71091CBB969E006B9545 /* RecoverPassword_iphone5@2x.png in Resources */ = {isa = PBXBuildFile; fileRef = FA9F70DE1CBB969D006B9545 /* RecoverPassword_iphone5@2x.png */; };
		FA9F710A1CBB969E006B9545 /* RecoverPassword_iphone5@3x.png in Resources */ = {isa = PBXBuildFile; fileRef = FA9F70DF1CBB969D006B9545 /* RecoverPassword_iphone5@3x.png */; };
		FA9F710B1CBB969E006B9545 /* RecoverPasswordBack.png in Resources */ = {isa = PBXBuildFile; fileRef = FA9F70E01CBB969D006B9545 /* RecoverPasswordBack.png */; };
		FA9F710C1CBB969E006B9545 /* RecoverPasswordBack@2x.png in Resources */ = {isa = PBXBuildFile; fileRef = FA9F70E11CBB969D006B9545 /* RecoverPasswordBack@2x.png */; };
		FA9F710D1CBB969E006B9545 /* RecoverPasswordBack@3x.png in Resources */ = {isa = PBXBuildFile; fileRef = FA9F70E21CBB969D006B9545 /* RecoverPasswordBack@3x.png */; };
		FA9F710E1CBB969E006B9545 /* SignBack.png in Resources */ = {isa = PBXBuildFile; fileRef = FA9F70E31CBB969D006B9545 /* SignBack.png */; };
		FA9F710F1CBB969E006B9545 /* SignBack1.png in Resources */ = {isa = PBXBuildFile; fileRef = FA9F70E41CBB969D006B9545 /* SignBack1.png */; };
		FA9F71101CBB969E006B9545 /* SignBack1@2x.png in Resources */ = {isa = PBXBuildFile; fileRef = FA9F70E51CBB969D006B9545 /* SignBack1@2x.png */; };
		FA9F71111CBB969E006B9545 /* SignBack1@3x.png in Resources */ = {isa = PBXBuildFile; fileRef = FA9F70E61CBB969D006B9545 /* SignBack1@3x.png */; };
		FA9F71121CBB969E006B9545 /* SignBack@2x.png in Resources */ = {isa = PBXBuildFile; fileRef = FA9F70E71CBB969D006B9545 /* SignBack@2x.png */; };
		FA9F71131CBB969E006B9545 /* SignBack@3x.png in Resources */ = {isa = PBXBuildFile; fileRef = FA9F70E81CBB969D006B9545 /* SignBack@3x.png */; };
		FA9F71141CBB969E006B9545 /* Splash(320_480)_iphone4.png in Resources */ = {isa = PBXBuildFile; fileRef = FA9F70E91CBB969D006B9545 /* Splash(320_480)_iphone4.png */; };
		FA9F71151CBB969E006B9545 /* Splash(320_480)_iphone4@2x.png in Resources */ = {isa = PBXBuildFile; fileRef = FA9F70EA1CBB969D006B9545 /* Splash(320_480)_iphone4@2x.png */; };
		FA9F71161CBB969E006B9545 /* Splash(320_480)_iphone4@3x.png in Resources */ = {isa = PBXBuildFile; fileRef = FA9F70EB1CBB969D006B9545 /* Splash(320_480)_iphone4@3x.png */; };
		FA9F71171CBB969E006B9545 /* Splash(320_568)_iphone5.png in Resources */ = {isa = PBXBuildFile; fileRef = FA9F70EC1CBB969D006B9545 /* Splash(320_568)_iphone5.png */; };
		FA9F71181CBB969E006B9545 /* Splash(320_568)_iphone5@2x.png in Resources */ = {isa = PBXBuildFile; fileRef = FA9F70ED1CBB969D006B9545 /* Splash(320_568)_iphone5@2x.png */; };
		FA9F71191CBB969E006B9545 /* Splash(320_568)_iphone5@3x.png in Resources */ = {isa = PBXBuildFile; fileRef = FA9F70EE1CBB969D006B9545 /* Splash(320_568)_iphone5@3x.png */; };
		FA9F711C1CBBA16A006B9545 /* SignUpViewController.m in Sources */ = {isa = PBXBuildFile; fileRef = FA9F711B1CBBA16A006B9545 /* SignUpViewController.m */; };
		FABD225B1CB7DCA500ADB50C /* main.m in Sources */ = {isa = PBXBuildFile; fileRef = FABD225A1CB7DCA500ADB50C /* main.m */; };
		FABD225E1CB7DCA500ADB50C /* AppDelegate.m in Sources */ = {isa = PBXBuildFile; fileRef = FABD225D1CB7DCA500ADB50C /* AppDelegate.m */; };
		FABD22611CB7DCA500ADB50C /* ViewController.m in Sources */ = {isa = PBXBuildFile; fileRef = FABD22601CB7DCA500ADB50C /* ViewController.m */; };
		FABD22641CB7DCA500ADB50C /* Main.storyboard in Resources */ = {isa = PBXBuildFile; fileRef = FABD22621CB7DCA500ADB50C /* Main.storyboard */; };
		FABD22661CB7DCA500ADB50C /* Assets.xcassets in Resources */ = {isa = PBXBuildFile; fileRef = FABD22651CB7DCA500ADB50C /* Assets.xcassets */; };
		FABD22691CB7DCA500ADB50C /* LaunchScreen.storyboard in Resources */ = {isa = PBXBuildFile; fileRef = FABD22671CB7DCA500ADB50C /* LaunchScreen.storyboard */; };
/* End PBXBuildFile section */

/* Begin PBXFileReference section */
		48A6BC5DCB6156990940E42A /* Pods.release.xcconfig */ = {isa = PBXFileReference; includeInIndex = 1; lastKnownFileType = text.xcconfig; name = Pods.release.xcconfig; path = "Pods/Target Support Files/Pods/Pods.release.xcconfig"; sourceTree = "<group>"; };
		8464210160150C3B77B11F65 /* libPods.a */ = {isa = PBXFileReference; explicitFileType = archive.ar; includeInIndex = 0; path = libPods.a; sourceTree = BUILT_PRODUCTS_DIR; };
		9C37FC52AE692B3EB1BF8302 /* Pods.debug.xcconfig */ = {isa = PBXFileReference; includeInIndex = 1; lastKnownFileType = text.xcconfig; name = Pods.debug.xcconfig; path = "Pods/Target Support Files/Pods/Pods.debug.xcconfig"; sourceTree = "<group>"; };
		FA9A7AF11CBB7A4E0098433B /* add new button.png */ = {isa = PBXFileReference; lastKnownFileType = image.png; path = "add new button.png"; sourceTree = "<group>"; };
		FA9A7AF21CBB7A4E0098433B /* add new button@2x.png */ = {isa = PBXFileReference; lastKnownFileType = image.png; path = "add new button@2x.png"; sourceTree = "<group>"; };
		FA9A7AF31CBB7A4E0098433B /* add-class.png */ = {isa = PBXFileReference; lastKnownFileType = image.png; path = "add-class.png"; sourceTree = "<group>"; };
		FA9A7AF41CBB7A4E0098433B /* add-class@2x.png */ = {isa = PBXFileReference; lastKnownFileType = image.png; path = "add-class@2x.png"; sourceTree = "<group>"; };
		FA9A7AF51CBB7A4E0098433B /* add-class@3x.png */ = {isa = PBXFileReference; lastKnownFileType = image.png; path = "add-class@3x.png"; sourceTree = "<group>"; };
		FA9A7AF61CBB7A4E0098433B /* empty-class.png */ = {isa = PBXFileReference; lastKnownFileType = image.png; path = "empty-class.png"; sourceTree = "<group>"; };
		FA9A7AF71CBB7A4E0098433B /* empty-class@2x.png */ = {isa = PBXFileReference; lastKnownFileType = image.png; path = "empty-class@2x.png"; sourceTree = "<group>"; };
		FA9A7AF81CBB7A4E0098433B /* empty-class@3x.png */ = {isa = PBXFileReference; lastKnownFileType = image.png; path = "empty-class@3x.png"; sourceTree = "<group>"; };
		FA9A7AF91CBB7A4E0098433B /* empty-feed.png */ = {isa = PBXFileReference; lastKnownFileType = image.png; path = "empty-feed.png"; sourceTree = "<group>"; };
		FA9A7AFA1CBB7A4E0098433B /* empty-feed@2x.png */ = {isa = PBXFileReference; lastKnownFileType = image.png; path = "empty-feed@2x.png"; sourceTree = "<group>"; };
		FA9A7AFB1CBB7A4E0098433B /* empty-feed@3x.png */ = {isa = PBXFileReference; lastKnownFileType = image.png; path = "empty-feed@3x.png"; sourceTree = "<group>"; };
		FA9A7AFC1CBB7A4E0098433B /* factoid.png */ = {isa = PBXFileReference; lastKnownFileType = image.png; path = factoid.png; sourceTree = "<group>"; };
		FA9A7AFD1CBB7A4E0098433B /* factoid@2x.png */ = {isa = PBXFileReference; lastKnownFileType = image.png; path = "factoid@2x.png"; sourceTree = "<group>"; };
		FA9A7AFE1CBB7A4E0098433B /* factoid@3x.png */ = {isa = PBXFileReference; lastKnownFileType = image.png; path = "factoid@3x.png"; sourceTree = "<group>"; };
		FA9A7B001CBB7A4E0098433B /* big arrow right.png */ = {isa = PBXFileReference; lastKnownFileType = image.png; path = "big arrow right.png"; sourceTree = "<group>"; };
		FA9A7B011CBB7A4E0098433B /* big arrow right@2x.png */ = {isa = PBXFileReference; lastKnownFileType = image.png; path = "big arrow right@2x.png"; sourceTree = "<group>"; };
		FA9A7B021CBB7A4E0098433B /* big arrow right@3x.png */ = {isa = PBXFileReference; lastKnownFileType = image.png; path = "big arrow right@3x.png"; sourceTree = "<group>"; };
		FA9A7B041CBB7A4E0098433B /* arrow-right.png */ = {isa = PBXFileReference; lastKnownFileType = image.png; path = "arrow-right.png"; sourceTree = "<group>"; };
		FA9A7B051CBB7A4E0098433B /* arrow-right@2x.png */ = {isa = PBXFileReference; lastKnownFileType = image.png; path = "arrow-right@2x.png"; sourceTree = "<group>"; };
		FA9A7B061CBB7A4E0098433B /* arrow-right@3x.png */ = {isa = PBXFileReference; lastKnownFileType = image.png; path = "arrow-right@3x.png"; sourceTree = "<group>"; };
		FA9A7B071CBB7A4E0098433B /* left-arrow.png */ = {isa = PBXFileReference; lastKnownFileType = image.png; path = "left-arrow.png"; sourceTree = "<group>"; };
		FA9A7B081CBB7A4E0098433B /* left-arrow@2x.png */ = {isa = PBXFileReference; lastKnownFileType = image.png; path = "left-arrow@2x.png"; sourceTree = "<group>"; };
		FA9A7B091CBB7A4E0098433B /* left-arrow@3x.png */ = {isa = PBXFileReference; lastKnownFileType = image.png; path = "left-arrow@3x.png"; sourceTree = "<group>"; };
		FA9A7B0A1CBB7A4E0098433B /* checked.png */ = {isa = PBXFileReference; lastKnownFileType = image.png; path = checked.png; sourceTree = "<group>"; };
		FA9A7B0B1CBB7A4E0098433B /* checked@2x.png */ = {isa = PBXFileReference; lastKnownFileType = image.png; path = "checked@2x.png"; sourceTree = "<group>"; };
		FA9A7B0C1CBB7A4E0098433B /* checked@3x.png */ = {isa = PBXFileReference; lastKnownFileType = image.png; path = "checked@3x.png"; sourceTree = "<group>"; };
		FA9A7B0D1CBB7A4E0098433B /* delete.png */ = {isa = PBXFileReference; lastKnownFileType = image.png; path = delete.png; sourceTree = "<group>"; };
		FA9A7B0E1CBB7A4E0098433B /* delete@2x.png */ = {isa = PBXFileReference; lastKnownFileType = image.png; path = "delete@2x.png"; sourceTree = "<group>"; };
		FA9A7B0F1CBB7A4E0098433B /* delete@3x.png */ = {isa = PBXFileReference; lastKnownFileType = image.png; path = "delete@3x.png"; sourceTree = "<group>"; };
		FA9A7B101CBB7A4E0098433B /* edit.png */ = {isa = PBXFileReference; lastKnownFileType = image.png; path = edit.png; sourceTree = "<group>"; };
		FA9A7B111CBB7A4E0098433B /* edit@2x.png */ = {isa = PBXFileReference; lastKnownFileType = image.png; path = "edit@2x.png"; sourceTree = "<group>"; };
		FA9A7B121CBB7A4E0098433B /* edit@3x.png */ = {isa = PBXFileReference; lastKnownFileType = image.png; path = "edit@3x.png"; sourceTree = "<group>"; };
		FA9A7B131CBB7A4E0098433B /* email.png */ = {isa = PBXFileReference; lastKnownFileType = image.png; path = email.png; sourceTree = "<group>"; };
		FA9A7B141CBB7A4E0098433B /* email@2x.png */ = {isa = PBXFileReference; lastKnownFileType = image.png; path = "email@2x.png"; sourceTree = "<group>"; };
		FA9A7B151CBB7A4E0098433B /* email@3x.png */ = {isa = PBXFileReference; lastKnownFileType = image.png; path = "email@3x.png"; sourceTree = "<group>"; };
		FA9A7B161CBB7A4E0098433B /* file.png */ = {isa = PBXFileReference; lastKnownFileType = image.png; path = file.png; sourceTree = "<group>"; };
		FA9A7B171CBB7A4E0098433B /* file@2x.png */ = {isa = PBXFileReference; lastKnownFileType = image.png; path = "file@2x.png"; sourceTree = "<group>"; };
		FA9A7B181CBB7A4E0098433B /* file@3x.png */ = {isa = PBXFileReference; lastKnownFileType = image.png; path = "file@3x.png"; sourceTree = "<group>"; };
		FA9A7B191CBB7A4E0098433B /* logout.png */ = {isa = PBXFileReference; lastKnownFileType = image.png; path = logout.png; sourceTree = "<group>"; };
		FA9A7B1A1CBB7A4E0098433B /* logout@2x.png */ = {isa = PBXFileReference; lastKnownFileType = image.png; path = "logout@2x.png"; sourceTree = "<group>"; };
		FA9A7B1B1CBB7A4E0098433B /* logout@3x.png */ = {isa = PBXFileReference; lastKnownFileType = image.png; path = "logout@3x.png"; sourceTree = "<group>"; };
		FA9A7B1C1CBB7A4E0098433B /* members.png */ = {isa = PBXFileReference; lastKnownFileType = image.png; path = members.png; sourceTree = "<group>"; };
		FA9A7B1D1CBB7A4E0098433B /* members@2x.png */ = {isa = PBXFileReference; lastKnownFileType = image.png; path = "members@2x.png"; sourceTree = "<group>"; };
		FA9A7B1E1CBB7A4E0098433B /* members@3x.png */ = {isa = PBXFileReference; lastKnownFileType = image.png; path = "members@3x.png"; sourceTree = "<group>"; };
		FA9A7B1F1CBB7A4E0098433B /* more-details.png */ = {isa = PBXFileReference; lastKnownFileType = image.png; path = "more-details.png"; sourceTree = "<group>"; };
		FA9A7B201CBB7A4E0098433B /* more-details@2x.png */ = {isa = PBXFileReference; lastKnownFileType = image.png; path = "more-details@2x.png"; sourceTree = "<group>"; };
		FA9A7B211CBB7A4E0098433B /* more-details@3x.png */ = {isa = PBXFileReference; lastKnownFileType = image.png; path = "more-details@3x.png"; sourceTree = "<group>"; };
		FA9A7B221CBB7A4E0098433B /* padlock.png */ = {isa = PBXFileReference; lastKnownFileType = image.png; path = padlock.png; sourceTree = "<group>"; };
		FA9A7B231CBB7A4E0098433B /* padlock@2x.png */ = {isa = PBXFileReference; lastKnownFileType = image.png; path = "padlock@2x.png"; sourceTree = "<group>"; };
		FA9A7B241CBB7A4E0098433B /* padlock@3x.png */ = {isa = PBXFileReference; lastKnownFileType = image.png; path = "padlock@3x.png"; sourceTree = "<group>"; };
		FA9A7B251CBB7A4E0098433B /* paper-clip.png */ = {isa = PBXFileReference; lastKnownFileType = image.png; path = "paper-clip.png"; sourceTree = "<group>"; };
		FA9A7B261CBB7A4E0098433B /* paper-clip@2x.png */ = {isa = PBXFileReference; lastKnownFileType = image.png; path = "paper-clip@2x.png"; sourceTree = "<group>"; };
		FA9A7B271CBB7A4E0098433B /* paper-clip@3x.png */ = {isa = PBXFileReference; lastKnownFileType = image.png; path = "paper-clip@3x.png"; sourceTree = "<group>"; };
		FA9A7B281CBB7A4E0098433B /* resources.png */ = {isa = PBXFileReference; lastKnownFileType = image.png; path = resources.png; sourceTree = "<group>"; };
		FA9A7B291CBB7A4E0098433B /* resources@2x.png */ = {isa = PBXFileReference; lastKnownFileType = image.png; path = "resources@2x.png"; sourceTree = "<group>"; };
		FA9A7B2A1CBB7A4E0098433B /* resources@3x.png */ = {isa = PBXFileReference; lastKnownFileType = image.png; path = "resources@3x.png"; sourceTree = "<group>"; };
		FA9A7B2B1CBB7A4E0098433B /* study-group.png */ = {isa = PBXFileReference; lastKnownFileType = image.png; path = "study-group.png"; sourceTree = "<group>"; };
		FA9A7B2C1CBB7A4E0098433B /* study-group@2x.png */ = {isa = PBXFileReference; lastKnownFileType = image.png; path = "study-group@2x.png"; sourceTree = "<group>"; };
		FA9A7B2D1CBB7A4E0098433B /* study-group@3x.png */ = {isa = PBXFileReference; lastKnownFileType = image.png; path = "study-group@3x.png"; sourceTree = "<group>"; };
		FA9A7B2F1CBB7A4E0098433B /* chats.png */ = {isa = PBXFileReference; lastKnownFileType = image.png; path = chats.png; sourceTree = "<group>"; };
		FA9A7B301CBB7A4E0098433B /* chats@2x.png */ = {isa = PBXFileReference; lastKnownFileType = image.png; path = "chats@2x.png"; sourceTree = "<group>"; };
		FA9A7B311CBB7A4E0098433B /* chats@3x.png */ = {isa = PBXFileReference; lastKnownFileType = image.png; path = "chats@3x.png"; sourceTree = "<group>"; };
		FA9A7B321CBB7A4E0098433B /* home.png */ = {isa = PBXFileReference; lastKnownFileType = image.png; path = home.png; sourceTree = "<group>"; };
		FA9A7B331CBB7A4E0098433B /* home@2x.png */ = {isa = PBXFileReference; lastKnownFileType = image.png; path = "home@2x.png"; sourceTree = "<group>"; };
		FA9A7B341CBB7A4E0098433B /* home@3x.png */ = {isa = PBXFileReference; lastKnownFileType = image.png; path = "home@3x.png"; sourceTree = "<group>"; };
		FA9A7B351CBB7A4E0098433B /* pencil ruler.png */ = {isa = PBXFileReference; lastKnownFileType = image.png; path = "pencil ruler.png"; sourceTree = "<group>"; };
		FA9A7B361CBB7A4E0098433B /* pencil ruler@2x.png */ = {isa = PBXFileReference; lastKnownFileType = image.png; path = "pencil ruler@2x.png"; sourceTree = "<group>"; };
		FA9A7B371CBB7A4E0098433B /* pencil ruler@3x.png */ = {isa = PBXFileReference; lastKnownFileType = image.png; path = "pencil ruler@3x.png"; sourceTree = "<group>"; };
		FA9A7B381CBB7A4E0098433B /* planner.png */ = {isa = PBXFileReference; lastKnownFileType = image.png; path = planner.png; sourceTree = "<group>"; };
		FA9A7B391CBB7A4E0098433B /* planner@2x.png */ = {isa = PBXFileReference; lastKnownFileType = image.png; path = "planner@2x.png"; sourceTree = "<group>"; };
		FA9A7B3A1CBB7A4E0098433B /* planner@3x.png */ = {isa = PBXFileReference; lastKnownFileType = image.png; path = "planner@3x.png"; sourceTree = "<group>"; };
		FA9A7B3B1CBB7A4E0098433B /* profile.png */ = {isa = PBXFileReference; lastKnownFileType = image.png; path = profile.png; sourceTree = "<group>"; };
		FA9A7B3C1CBB7A4E0098433B /* profile@2x.png */ = {isa = PBXFileReference; lastKnownFileType = image.png; path = "profile@2x.png"; sourceTree = "<group>"; };
		FA9A7B3D1CBB7A4E0098433B /* profile@3x.png */ = {isa = PBXFileReference; lastKnownFileType = image.png; path = "profile@3x.png"; sourceTree = "<group>"; };
		FA9A7B3E1CBB7A4E0098433B /* take-a-photo.png */ = {isa = PBXFileReference; lastKnownFileType = image.png; path = "take-a-photo.png"; sourceTree = "<group>"; };
		FA9A7B3F1CBB7A4E0098433B /* take-a-photo@2x.png */ = {isa = PBXFileReference; lastKnownFileType = image.png; path = "take-a-photo@2x.png"; sourceTree = "<group>"; };
		FA9A7B401CBB7A4E0098433B /* take-a-photo@3x.png */ = {isa = PBXFileReference; lastKnownFileType = image.png; path = "take-a-photo@3x.png"; sourceTree = "<group>"; };
		FA9A7B421CBB7A4E0098433B /* add.png */ = {isa = PBXFileReference; lastKnownFileType = image.png; path = add.png; sourceTree = "<group>"; };
		FA9A7B431CBB7A4E0098433B /* add@2x.png */ = {isa = PBXFileReference; lastKnownFileType = image.png; path = "add@2x.png"; sourceTree = "<group>"; };
		FA9A7B441CBB7A4E0098433B /* add@3x.png */ = {isa = PBXFileReference; lastKnownFileType = image.png; path = "add@3x.png"; sourceTree = "<group>"; };
		FA9A7B451CBB7A4E0098433B /* back.png */ = {isa = PBXFileReference; lastKnownFileType = image.png; path = back.png; sourceTree = "<group>"; };
		FA9A7B461CBB7A4E0098433B /* back@2x.png */ = {isa = PBXFileReference; lastKnownFileType = image.png; path = "back@2x.png"; sourceTree = "<group>"; };
		FA9A7B471CBB7A4E0098433B /* back@3x.png */ = {isa = PBXFileReference; lastKnownFileType = image.png; path = "back@3x.png"; sourceTree = "<group>"; };
		FA9A7B481CBB7A4E0098433B /* calendar.png */ = {isa = PBXFileReference; lastKnownFileType = image.png; path = calendar.png; sourceTree = "<group>"; };
		FA9A7B491CBB7A4E0098433B /* calendar@2x.png */ = {isa = PBXFileReference; lastKnownFileType = image.png; path = "calendar@2x.png"; sourceTree = "<group>"; };
		FA9A7B4A1CBB7A4E0098433B /* calendar@3x.png */ = {isa = PBXFileReference; lastKnownFileType = image.png; path = "calendar@3x.png"; sourceTree = "<group>"; };
		FA9A7B4B1CBB7A4E0098433B /* menu.png */ = {isa = PBXFileReference; lastKnownFileType = image.png; path = menu.png; sourceTree = "<group>"; };
		FA9A7B4C1CBB7A4E0098433B /* menu@2x.png */ = {isa = PBXFileReference; lastKnownFileType = image.png; path = "menu@2x.png"; sourceTree = "<group>"; };
		FA9A7B4D1CBB7A4E0098433B /* menu@3x.png */ = {isa = PBXFileReference; lastKnownFileType = image.png; path = "menu@3x.png"; sourceTree = "<group>"; };
		FA9A7B4E1CBB7A4E0098433B /* search.png */ = {isa = PBXFileReference; lastKnownFileType = image.png; path = search.png; sourceTree = "<group>"; };
		FA9A7B4F1CBB7A4E0098433B /* search@2x.png */ = {isa = PBXFileReference; lastKnownFileType = image.png; path = "search@2x.png"; sourceTree = "<group>"; };
		FA9A7B501CBB7A4E0098433B /* search@3x.png */ = {isa = PBXFileReference; lastKnownFileType = image.png; path = "search@3x.png"; sourceTree = "<group>"; };
		FA9A7B511CBB7A4E0098433B /* trash.png */ = {isa = PBXFileReference; lastKnownFileType = image.png; path = trash.png; sourceTree = "<group>"; };
		FA9A7B521CBB7A4E0098433B /* trash@2x.png */ = {isa = PBXFileReference; lastKnownFileType = image.png; path = "trash@2x.png"; sourceTree = "<group>"; };
		FA9A7B531CBB7A4E0098433B /* trash@3x.png */ = {isa = PBXFileReference; lastKnownFileType = image.png; path = "trash@3x.png"; sourceTree = "<group>"; };
		FA9A7B541CBB7A4E0098433B /* uncheked.png */ = {isa = PBXFileReference; lastKnownFileType = image.png; path = uncheked.png; sourceTree = "<group>"; };
		FA9A7B551CBB7A4E0098433B /* uncheked@2x.png */ = {isa = PBXFileReference; lastKnownFileType = image.png; path = "uncheked@2x.png"; sourceTree = "<group>"; };
		FA9A7B561CBB7A4E0098433B /* uncheked@3x.png */ = {isa = PBXFileReference; lastKnownFileType = image.png; path = "uncheked@3x.png"; sourceTree = "<group>"; };
		FA9A7B571CBB7A4E0098433B /* upload.png */ = {isa = PBXFileReference; lastKnownFileType = image.png; path = upload.png; sourceTree = "<group>"; };
		FA9A7B581CBB7A4E0098433B /* upload@2x.png */ = {isa = PBXFileReference; lastKnownFileType = image.png; path = "upload@2x.png"; sourceTree = "<group>"; };
		FA9A7B591CBB7A4E0098433B /* upload@3x.png */ = {isa = PBXFileReference; lastKnownFileType = image.png; path = "upload@3x.png"; sourceTree = "<group>"; };
		FA9A7B5B1CBB7A4E0098433B /* available.png */ = {isa = PBXFileReference; lastKnownFileType = image.png; path = available.png; sourceTree = "<group>"; };
		FA9A7B5C1CBB7A4E0098433B /* available@2x.png */ = {isa = PBXFileReference; lastKnownFileType = image.png; path = "available@2x.png"; sourceTree = "<group>"; };
		FA9A7B5D1CBB7A4E0098433B /* available@3x.png */ = {isa = PBXFileReference; lastKnownFileType = image.png; path = "available@3x.png"; sourceTree = "<group>"; };
		FA9A7B5E1CBB7A4E0098433B /* not-avalable.png */ = {isa = PBXFileReference; lastKnownFileType = image.png; path = "not-avalable.png"; sourceTree = "<group>"; };
		FA9A7B5F1CBB7A4E0098433B /* not-avalable@2x.png */ = {isa = PBXFileReference; lastKnownFileType = image.png; path = "not-avalable@2x.png"; sourceTree = "<group>"; };
		FA9A7B601CBB7A4E0098433B /* not-avalable@3x.png */ = {isa = PBXFileReference; lastKnownFileType = image.png; path = "not-avalable@3x.png"; sourceTree = "<group>"; };
		FA9A7B611CBB7A4E0098433B /* logo.png */ = {isa = PBXFileReference; lastKnownFileType = image.png; path = logo.png; sourceTree = "<group>"; };
		FA9A7B621CBB7A4E0098433B /* logo@2x.png */ = {isa = PBXFileReference; lastKnownFileType = image.png; path = "logo@2x.png"; sourceTree = "<group>"; };
		FA9A7B631CBB7A4E0098433B /* logo@3x.png */ = {isa = PBXFileReference; lastKnownFileType = image.png; path = "logo@3x.png"; sourceTree = "<group>"; };
		FA9A7B641CBB7A4E0098433B /* message-sent.png */ = {isa = PBXFileReference; lastKnownFileType = image.png; path = "message-sent.png"; sourceTree = "<group>"; };
		FA9A7B651CBB7A4E0098433B /* message-sent@2x.png */ = {isa = PBXFileReference; lastKnownFileType = image.png; path = "message-sent@2x.png"; sourceTree = "<group>"; };
		FA9A7B661CBB7A4E0098433B /* message-sent@3x.png */ = {isa = PBXFileReference; lastKnownFileType = image.png; path = "message-sent@3x.png"; sourceTree = "<group>"; };
		FA9A7B671CBB7A4E0098433B /* new-study-group.png */ = {isa = PBXFileReference; lastKnownFileType = image.png; path = "new-study-group.png"; sourceTree = "<group>"; };
		FA9A7B681CBB7A4E0098433B /* new-study-group@2x.png */ = {isa = PBXFileReference; lastKnownFileType = image.png; path = "new-study-group@2x.png"; sourceTree = "<group>"; };
		FA9A7B691CBB7A4E0098433B /* new-study-group@3x.png */ = {isa = PBXFileReference; lastKnownFileType = image.png; path = "new-study-group@3x.png"; sourceTree = "<group>"; };
		FA9A7B6A1CBB7A4E0098433B /* settings.png */ = {isa = PBXFileReference; lastKnownFileType = image.png; path = settings.png; sourceTree = "<group>"; };
		FA9A7B6B1CBB7A4E0098433B /* settings@2x.png */ = {isa = PBXFileReference; lastKnownFileType = image.png; path = "settings@2x.png"; sourceTree = "<group>"; };
		FA9A7B6C1CBB7A4E0098433B /* settings@3x.png */ = {isa = PBXFileReference; lastKnownFileType = image.png; path = "settings@3x.png"; sourceTree = "<group>"; };
		FA9A7B6D1CBB7A4E0098433B /* switch off.png */ = {isa = PBXFileReference; lastKnownFileType = image.png; path = "switch off.png"; sourceTree = "<group>"; };
		FA9A7B6E1CBB7A4E0098433B /* switch off@2x.png */ = {isa = PBXFileReference; lastKnownFileType = image.png; path = "switch off@2x.png"; sourceTree = "<group>"; };
		FA9A7B6F1CBB7A4E0098433B /* switch off@3x.png */ = {isa = PBXFileReference; lastKnownFileType = image.png; path = "switch off@3x.png"; sourceTree = "<group>"; };
		FA9A7B701CBB7A4E0098433B /* switch on.png */ = {isa = PBXFileReference; lastKnownFileType = image.png; path = "switch on.png"; sourceTree = "<group>"; };
		FA9A7B711CBB7A4E0098433B /* switch on@2x.png */ = {isa = PBXFileReference; lastKnownFileType = image.png; path = "switch on@2x.png"; sourceTree = "<group>"; };
		FA9A7B721CBB7A4E0098433B /* switch on@3x.png */ = {isa = PBXFileReference; lastKnownFileType = image.png; path = "switch on@3x.png"; sourceTree = "<group>"; };
		FA9A7BF11CBB84BF0098433B /* BaseNavigationController.h */ = {isa = PBXFileReference; fileEncoding = 4; lastKnownFileType = sourcecode.c.h; path = BaseNavigationController.h; sourceTree = "<group>"; };
		FA9A7BF21CBB84BF0098433B /* BaseNavigationController.m */ = {isa = PBXFileReference; fileEncoding = 4; lastKnownFileType = sourcecode.c.objc; path = BaseNavigationController.m; sourceTree = "<group>"; };
		FA9A7BF31CBB84BF0098433B /* BaseViewController.h */ = {isa = PBXFileReference; fileEncoding = 4; lastKnownFileType = sourcecode.c.h; path = BaseViewController.h; sourceTree = "<group>"; };
		FA9A7BF41CBB84BF0098433B /* BaseViewController.m */ = {isa = PBXFileReference; fileEncoding = 4; lastKnownFileType = sourcecode.c.objc; path = BaseViewController.m; sourceTree = "<group>"; };
		FA9A7BF51CBB84BF0098433B /* TokenModel.h */ = {isa = PBXFileReference; fileEncoding = 4; lastKnownFileType = sourcecode.c.h; path = TokenModel.h; sourceTree = "<group>"; };
		FA9A7BF61CBB84BF0098433B /* TokenModel.m */ = {isa = PBXFileReference; fileEncoding = 4; lastKnownFileType = sourcecode.c.objc; path = TokenModel.m; sourceTree = "<group>"; };
		FA9A7BF71CBB84BF0098433B /* UserModel.h */ = {isa = PBXFileReference; fileEncoding = 4; lastKnownFileType = sourcecode.c.h; path = UserModel.h; sourceTree = "<group>"; };
		FA9A7BF81CBB84BF0098433B /* UserModel.m */ = {isa = PBXFileReference; fileEncoding = 4; lastKnownFileType = sourcecode.c.objc; path = UserModel.m; sourceTree = "<group>"; };
		FA9F70A41CBB8549006B9545 /* KeychainWrapper.h */ = {isa = PBXFileReference; fileEncoding = 4; lastKnownFileType = sourcecode.c.h; path = KeychainWrapper.h; sourceTree = "<group>"; };
		FA9F70A51CBB8549006B9545 /* KeychainWrapper.m */ = {isa = PBXFileReference; fileEncoding = 4; lastKnownFileType = sourcecode.c.objc; path = KeychainWrapper.m; sourceTree = "<group>"; };
		FA9F70A81CBB85B6006B9545 /* NetworkErrors.h */ = {isa = PBXFileReference; fileEncoding = 4; lastKnownFileType = sourcecode.c.h; path = NetworkErrors.h; sourceTree = "<group>"; };
		FA9F70A91CBB85B6006B9545 /* NSError+Network.h */ = {isa = PBXFileReference; fileEncoding = 4; lastKnownFileType = sourcecode.c.h; path = "NSError+Network.h"; sourceTree = "<group>"; };
		FA9F70AA1CBB85B6006B9545 /* NSError+Network.m */ = {isa = PBXFileReference; fileEncoding = 4; lastKnownFileType = sourcecode.c.objc; path = "NSError+Network.m"; sourceTree = "<group>"; };
		FA9F70AB1CBB85B6006B9545 /* NSString+Validation.h */ = {isa = PBXFileReference; fileEncoding = 4; lastKnownFileType = sourcecode.c.h; path = "NSString+Validation.h"; sourceTree = "<group>"; };
		FA9F70AC1CBB85B6006B9545 /* NSString+Validation.m */ = {isa = PBXFileReference; fileEncoding = 4; lastKnownFileType = sourcecode.c.objc; path = "NSString+Validation.m"; sourceTree = "<group>"; };
		FA9F70AD1CBB85B6006B9545 /* UIAlertView+CustomAlert.h */ = {isa = PBXFileReference; fileEncoding = 4; lastKnownFileType = sourcecode.c.h; path = "UIAlertView+CustomAlert.h"; sourceTree = "<group>"; };
		FA9F70AE1CBB85B6006B9545 /* UIAlertView+CustomAlert.m */ = {isa = PBXFileReference; fileEncoding = 4; lastKnownFileType = sourcecode.c.objc; path = "UIAlertView+CustomAlert.m"; sourceTree = "<group>"; };
		FA9F70AF1CBB85B6006B9545 /* UIColor+CustomColors.h */ = {isa = PBXFileReference; fileEncoding = 4; lastKnownFileType = sourcecode.c.h; path = "UIColor+CustomColors.h"; sourceTree = "<group>"; };
		FA9F70B01CBB85B6006B9545 /* UIColor+CustomColors.m */ = {isa = PBXFileReference; fileEncoding = 4; lastKnownFileType = sourcecode.c.objc; path = "UIColor+CustomColors.m"; sourceTree = "<group>"; };
		FA9F70B11CBB85B6006B9545 /* UIImage+Base64.h */ = {isa = PBXFileReference; fileEncoding = 4; lastKnownFileType = sourcecode.c.h; path = "UIImage+Base64.h"; sourceTree = "<group>"; };
		FA9F70B21CBB85B6006B9545 /* UIImage+Base64.m */ = {isa = PBXFileReference; fileEncoding = 4; lastKnownFileType = sourcecode.c.objc; path = "UIImage+Base64.m"; sourceTree = "<group>"; };
		FA9F70BB1CBB8984006B9545 /* Podfile */ = {isa = PBXFileReference; fileEncoding = 4; lastKnownFileType = text; path = Podfile; sourceTree = SOURCE_ROOT; };
		FA9F70C01CBB9254006B9545 /* LoginViewController.h */ = {isa = PBXFileReference; fileEncoding = 4; lastKnownFileType = sourcecode.c.h; path = LoginViewController.h; sourceTree = "<group>"; };
		FA9F70C11CBB9254006B9545 /* LoginViewController.m */ = {isa = PBXFileReference; fileEncoding = 4; lastKnownFileType = sourcecode.c.objc; path = LoginViewController.m; sourceTree = "<group>"; };
		FA9F70C41CBB969D006B9545 /* Background.png */ = {isa = PBXFileReference; lastKnownFileType = image.png; path = Background.png; sourceTree = "<group>"; };
		FA9F70C51CBB969D006B9545 /* Background640_960.png */ = {isa = PBXFileReference; lastKnownFileType = image.png; path = Background640_960.png; sourceTree = "<group>"; };
		FA9F70C61CBB969D006B9545 /* Background640_960@2x.png */ = {isa = PBXFileReference; lastKnownFileType = image.png; path = "Background640_960@2x.png"; sourceTree = "<group>"; };
		FA9F70C71CBB969D006B9545 /* Background640_960@3x.png */ = {isa = PBXFileReference; lastKnownFileType = image.png; path = "Background640_960@3x.png"; sourceTree = "<group>"; };
		FA9F70C81CBB969D006B9545 /* Background@2x.png */ = {isa = PBXFileReference; lastKnownFileType = image.png; path = "Background@2x.png"; sourceTree = "<group>"; };
		FA9F70C91CBB969D006B9545 /* Background@3x.png */ = {isa = PBXFileReference; lastKnownFileType = image.png; path = "Background@3x.png"; sourceTree = "<group>"; };
		FA9F70CA1CBB969D006B9545 /* BackgroundLogin.png */ = {isa = PBXFileReference; lastKnownFileType = image.png; path = BackgroundLogin.png; sourceTree = "<group>"; };
		FA9F70CB1CBB969D006B9545 /* BackgroundLogin@2x.png */ = {isa = PBXFileReference; lastKnownFileType = image.png; path = "BackgroundLogin@2x.png"; sourceTree = "<group>"; };
		FA9F70CC1CBB969D006B9545 /* BackgroundLogin@3x.png */ = {isa = PBXFileReference; lastKnownFileType = image.png; path = "BackgroundLogin@3x.png"; sourceTree = "<group>"; };
		FA9F70CD1CBB969D006B9545 /* LoginBack.png */ = {isa = PBXFileReference; lastKnownFileType = image.png; path = LoginBack.png; sourceTree = "<group>"; };
		FA9F70CE1CBB969D006B9545 /* LoginBack@2x.png */ = {isa = PBXFileReference; lastKnownFileType = image.png; path = "LoginBack@2x.png"; sourceTree = "<group>"; };
		FA9F70CF1CBB969D006B9545 /* LoginBack@3x.png */ = {isa = PBXFileReference; lastKnownFileType = image.png; path = "LoginBack@3x.png"; sourceTree = "<group>"; };
		FA9F70D01CBB969D006B9545 /* LoginBackGround.png */ = {isa = PBXFileReference; lastKnownFileType = image.png; path = LoginBackGround.png; sourceTree = "<group>"; };
		FA9F70D11CBB969D006B9545 /* LoginBackGround@2x.png */ = {isa = PBXFileReference; lastKnownFileType = image.png; path = "LoginBackGround@2x.png"; sourceTree = "<group>"; };
		FA9F70D21CBB969D006B9545 /* LoginBackGround@3x.png */ = {isa = PBXFileReference; lastKnownFileType = image.png; path = "LoginBackGround@3x.png"; sourceTree = "<group>"; };
		FA9F70D31CBB969D006B9545 /* LoginScreen_iphone5.png */ = {isa = PBXFileReference; lastKnownFileType = image.png; path = LoginScreen_iphone5.png; sourceTree = "<group>"; };
		FA9F70D41CBB969D006B9545 /* LoginScreen_iphone5@2x.png */ = {isa = PBXFileReference; lastKnownFileType = image.png; path = "LoginScreen_iphone5@2x.png"; sourceTree = "<group>"; };
		FA9F70D51CBB969D006B9545 /* LoginScreen_iphone5@3x.png */ = {isa = PBXFileReference; lastKnownFileType = image.png; path = "LoginScreen_iphone5@3x.png"; sourceTree = "<group>"; };
		FA9F70D61CBB969D006B9545 /* recover password.png */ = {isa = PBXFileReference; lastKnownFileType = image.png; path = "recover password.png"; sourceTree = "<group>"; };
		FA9F70D71CBB969D006B9545 /* recover password@1x.png */ = {isa = PBXFileReference; lastKnownFileType = image.png; path = "recover password@1x.png"; sourceTree = "<group>"; };
		FA9F70D81CBB969D006B9545 /* recover password@2x.png */ = {isa = PBXFileReference; lastKnownFileType = image.png; path = "recover password@2x.png"; sourceTree = "<group>"; };
		FA9F70D91CBB969D006B9545 /* recover password@3x.png */ = {isa = PBXFileReference; lastKnownFileType = image.png; path = "recover password@3x.png"; sourceTree = "<group>"; };
		FA9F70DA1CBB969D006B9545 /* RecoverPassword.png */ = {isa = PBXFileReference; lastKnownFileType = image.png; path = RecoverPassword.png; sourceTree = "<group>"; };
		FA9F70DB1CBB969D006B9545 /* RecoverPassword@2x.png */ = {isa = PBXFileReference; lastKnownFileType = image.png; path = "RecoverPassword@2x.png"; sourceTree = "<group>"; };
		FA9F70DC1CBB969D006B9545 /* RecoverPassword@3x.png */ = {isa = PBXFileReference; lastKnownFileType = image.png; path = "RecoverPassword@3x.png"; sourceTree = "<group>"; };
		FA9F70DD1CBB969D006B9545 /* RecoverPassword_iphone5.png */ = {isa = PBXFileReference; lastKnownFileType = image.png; path = RecoverPassword_iphone5.png; sourceTree = "<group>"; };
		FA9F70DE1CBB969D006B9545 /* RecoverPassword_iphone5@2x.png */ = {isa = PBXFileReference; lastKnownFileType = image.png; path = "RecoverPassword_iphone5@2x.png"; sourceTree = "<group>"; };
		FA9F70DF1CBB969D006B9545 /* RecoverPassword_iphone5@3x.png */ = {isa = PBXFileReference; lastKnownFileType = image.png; path = "RecoverPassword_iphone5@3x.png"; sourceTree = "<group>"; };
		FA9F70E01CBB969D006B9545 /* RecoverPasswordBack.png */ = {isa = PBXFileReference; lastKnownFileType = image.png; path = RecoverPasswordBack.png; sourceTree = "<group>"; };
		FA9F70E11CBB969D006B9545 /* RecoverPasswordBack@2x.png */ = {isa = PBXFileReference; lastKnownFileType = image.png; path = "RecoverPasswordBack@2x.png"; sourceTree = "<group>"; };
		FA9F70E21CBB969D006B9545 /* RecoverPasswordBack@3x.png */ = {isa = PBXFileReference; lastKnownFileType = image.png; path = "RecoverPasswordBack@3x.png"; sourceTree = "<group>"; };
		FA9F70E31CBB969D006B9545 /* SignBack.png */ = {isa = PBXFileReference; lastKnownFileType = image.png; path = SignBack.png; sourceTree = "<group>"; };
		FA9F70E41CBB969D006B9545 /* SignBack1.png */ = {isa = PBXFileReference; lastKnownFileType = image.png; path = SignBack1.png; sourceTree = "<group>"; };
		FA9F70E51CBB969D006B9545 /* SignBack1@2x.png */ = {isa = PBXFileReference; lastKnownFileType = image.png; path = "SignBack1@2x.png"; sourceTree = "<group>"; };
		FA9F70E61CBB969D006B9545 /* SignBack1@3x.png */ = {isa = PBXFileReference; lastKnownFileType = image.png; path = "SignBack1@3x.png"; sourceTree = "<group>"; };
		FA9F70E71CBB969D006B9545 /* SignBack@2x.png */ = {isa = PBXFileReference; lastKnownFileType = image.png; path = "SignBack@2x.png"; sourceTree = "<group>"; };
		FA9F70E81CBB969D006B9545 /* SignBack@3x.png */ = {isa = PBXFileReference; lastKnownFileType = image.png; path = "SignBack@3x.png"; sourceTree = "<group>"; };
		FA9F70E91CBB969D006B9545 /* Splash(320_480)_iphone4.png */ = {isa = PBXFileReference; lastKnownFileType = image.png; path = "Splash(320_480)_iphone4.png"; sourceTree = "<group>"; };
		FA9F70EA1CBB969D006B9545 /* Splash(320_480)_iphone4@2x.png */ = {isa = PBXFileReference; lastKnownFileType = image.png; path = "Splash(320_480)_iphone4@2x.png"; sourceTree = "<group>"; };
		FA9F70EB1CBB969D006B9545 /* Splash(320_480)_iphone4@3x.png */ = {isa = PBXFileReference; lastKnownFileType = image.png; path = "Splash(320_480)_iphone4@3x.png"; sourceTree = "<group>"; };
		FA9F70EC1CBB969D006B9545 /* Splash(320_568)_iphone5.png */ = {isa = PBXFileReference; lastKnownFileType = image.png; path = "Splash(320_568)_iphone5.png"; sourceTree = "<group>"; };
		FA9F70ED1CBB969D006B9545 /* Splash(320_568)_iphone5@2x.png */ = {isa = PBXFileReference; lastKnownFileType = image.png; path = "Splash(320_568)_iphone5@2x.png"; sourceTree = "<group>"; };
		FA9F70EE1CBB969D006B9545 /* Splash(320_568)_iphone5@3x.png */ = {isa = PBXFileReference; lastKnownFileType = image.png; path = "Splash(320_568)_iphone5@3x.png"; sourceTree = "<group>"; };
		FA9F711A1CBBA16A006B9545 /* SignUpViewController.h */ = {isa = PBXFileReference; fileEncoding = 4; lastKnownFileType = sourcecode.c.h; path = SignUpViewController.h; sourceTree = "<group>"; };
		FA9F711B1CBBA16A006B9545 /* SignUpViewController.m */ = {isa = PBXFileReference; fileEncoding = 4; lastKnownFileType = sourcecode.c.objc; path = SignUpViewController.m; sourceTree = "<group>"; };
		FABD22561CB7DCA500ADB50C /* Mana-iOS.app */ = {isa = PBXFileReference; explicitFileType = wrapper.application; includeInIndex = 0; path = "Mana-iOS.app"; sourceTree = BUILT_PRODUCTS_DIR; };
		FABD225A1CB7DCA500ADB50C /* main.m */ = {isa = PBXFileReference; lastKnownFileType = sourcecode.c.objc; path = main.m; sourceTree = "<group>"; };
		FABD225C1CB7DCA500ADB50C /* AppDelegate.h */ = {isa = PBXFileReference; lastKnownFileType = sourcecode.c.h; path = AppDelegate.h; sourceTree = "<group>"; };
		FABD225D1CB7DCA500ADB50C /* AppDelegate.m */ = {isa = PBXFileReference; lastKnownFileType = sourcecode.c.objc; path = AppDelegate.m; sourceTree = "<group>"; };
		FABD225F1CB7DCA500ADB50C /* ViewController.h */ = {isa = PBXFileReference; lastKnownFileType = sourcecode.c.h; path = ViewController.h; sourceTree = "<group>"; };
		FABD22601CB7DCA500ADB50C /* ViewController.m */ = {isa = PBXFileReference; lastKnownFileType = sourcecode.c.objc; path = ViewController.m; sourceTree = "<group>"; };
		FABD22631CB7DCA500ADB50C /* Base */ = {isa = PBXFileReference; lastKnownFileType = file.storyboard; name = Base; path = Base.lproj/Main.storyboard; sourceTree = "<group>"; };
		FABD22651CB7DCA500ADB50C /* Assets.xcassets */ = {isa = PBXFileReference; lastKnownFileType = folder.assetcatalog; path = Assets.xcassets; sourceTree = "<group>"; };
		FABD22681CB7DCA500ADB50C /* Base */ = {isa = PBXFileReference; lastKnownFileType = file.storyboard; name = Base; path = Base.lproj/LaunchScreen.storyboard; sourceTree = "<group>"; };
		FABD226A1CB7DCA500ADB50C /* Info.plist */ = {isa = PBXFileReference; lastKnownFileType = text.plist.xml; path = Info.plist; sourceTree = "<group>"; };
/* End PBXFileReference section */

/* Begin PBXFrameworksBuildPhase section */
		FABD22531CB7DCA500ADB50C /* Frameworks */ = {
			isa = PBXFrameworksBuildPhase;
			buildActionMask = 2147483647;
			files = (
				FA7EA4A62E67F59ED9BEAF16 /* libPods.a in Frameworks */,
			);
			runOnlyForDeploymentPostprocessing = 0;
		};
/* End PBXFrameworksBuildPhase section */

/* Begin PBXGroup section */
		9029844572557E8D5C6C5CB9 /* Pods */ = {
			isa = PBXGroup;
			children = (
				9C37FC52AE692B3EB1BF8302 /* Pods.debug.xcconfig */,
				48A6BC5DCB6156990940E42A /* Pods.release.xcconfig */,
			);
			name = Pods;
			sourceTree = "<group>";
		};
		DC5BDD4AB9E8FA8F3EE21092 /* Frameworks */ = {
			isa = PBXGroup;
			children = (
				8464210160150C3B77B11F65 /* libPods.a */,
			);
			name = Frameworks;
			sourceTree = "<group>";
		};
		FA9A7AF01CBB7A4E0098433B /* images */ = {
			isa = PBXGroup;
			children = (
				FA9F70C31CBB969D006B9545 /* back */,
				FA9A7AF11CBB7A4E0098433B /* add new button.png */,
				FA9A7AF21CBB7A4E0098433B /* add new button@2x.png */,
				FA9A7AF31CBB7A4E0098433B /* add-class.png */,
				FA9A7AF41CBB7A4E0098433B /* add-class@2x.png */,
				FA9A7AF51CBB7A4E0098433B /* add-class@3x.png */,
				FA9A7AF61CBB7A4E0098433B /* empty-class.png */,
				FA9A7AF71CBB7A4E0098433B /* empty-class@2x.png */,
				FA9A7AF81CBB7A4E0098433B /* empty-class@3x.png */,
				FA9A7AF91CBB7A4E0098433B /* empty-feed.png */,
				FA9A7AFA1CBB7A4E0098433B /* empty-feed@2x.png */,
				FA9A7AFB1CBB7A4E0098433B /* empty-feed@3x.png */,
				FA9A7AFC1CBB7A4E0098433B /* factoid.png */,
				FA9A7AFD1CBB7A4E0098433B /* factoid@2x.png */,
				FA9A7AFE1CBB7A4E0098433B /* factoid@3x.png */,
				FA9A7AFF1CBB7A4E0098433B /* icons */,
				FA9A7B611CBB7A4E0098433B /* logo.png */,
				FA9A7B621CBB7A4E0098433B /* logo@2x.png */,
				FA9A7B631CBB7A4E0098433B /* logo@3x.png */,
				FA9A7B641CBB7A4E0098433B /* message-sent.png */,
				FA9A7B651CBB7A4E0098433B /* message-sent@2x.png */,
				FA9A7B661CBB7A4E0098433B /* message-sent@3x.png */,
				FA9A7B671CBB7A4E0098433B /* new-study-group.png */,
				FA9A7B681CBB7A4E0098433B /* new-study-group@2x.png */,
				FA9A7B691CBB7A4E0098433B /* new-study-group@3x.png */,
				FA9A7B6A1CBB7A4E0098433B /* settings.png */,
				FA9A7B6B1CBB7A4E0098433B /* settings@2x.png */,
				FA9A7B6C1CBB7A4E0098433B /* settings@3x.png */,
				FA9A7B6D1CBB7A4E0098433B /* switch off.png */,
				FA9A7B6E1CBB7A4E0098433B /* switch off@2x.png */,
				FA9A7B6F1CBB7A4E0098433B /* switch off@3x.png */,
				FA9A7B701CBB7A4E0098433B /* switch on.png */,
				FA9A7B711CBB7A4E0098433B /* switch on@2x.png */,
				FA9A7B721CBB7A4E0098433B /* switch on@3x.png */,
			);
			path = images;
			sourceTree = "<group>";
		};
		FA9A7AFF1CBB7A4E0098433B /* icons */ = {
			isa = PBXGroup;
			children = (
				FA9A7B001CBB7A4E0098433B /* big arrow right.png */,
				FA9A7B011CBB7A4E0098433B /* big arrow right@2x.png */,
				FA9A7B021CBB7A4E0098433B /* big arrow right@3x.png */,
				FA9A7B031CBB7A4E0098433B /* calendar */,
				FA9A7B0A1CBB7A4E0098433B /* checked.png */,
				FA9A7B0B1CBB7A4E0098433B /* checked@2x.png */,
				FA9A7B0C1CBB7A4E0098433B /* checked@3x.png */,
				FA9A7B0D1CBB7A4E0098433B /* delete.png */,
				FA9A7B0E1CBB7A4E0098433B /* delete@2x.png */,
				FA9A7B0F1CBB7A4E0098433B /* delete@3x.png */,
				FA9A7B101CBB7A4E0098433B /* edit.png */,
				FA9A7B111CBB7A4E0098433B /* edit@2x.png */,
				FA9A7B121CBB7A4E0098433B /* edit@3x.png */,
				FA9A7B131CBB7A4E0098433B /* email.png */,
				FA9A7B141CBB7A4E0098433B /* email@2x.png */,
				FA9A7B151CBB7A4E0098433B /* email@3x.png */,
				FA9A7B161CBB7A4E0098433B /* file.png */,
				FA9A7B171CBB7A4E0098433B /* file@2x.png */,
				FA9A7B181CBB7A4E0098433B /* file@3x.png */,
				FA9A7B191CBB7A4E0098433B /* logout.png */,
				FA9A7B1A1CBB7A4E0098433B /* logout@2x.png */,
				FA9A7B1B1CBB7A4E0098433B /* logout@3x.png */,
				FA9A7B1C1CBB7A4E0098433B /* members.png */,
				FA9A7B1D1CBB7A4E0098433B /* members@2x.png */,
				FA9A7B1E1CBB7A4E0098433B /* members@3x.png */,
				FA9A7B1F1CBB7A4E0098433B /* more-details.png */,
				FA9A7B201CBB7A4E0098433B /* more-details@2x.png */,
				FA9A7B211CBB7A4E0098433B /* more-details@3x.png */,
				FA9A7B221CBB7A4E0098433B /* padlock.png */,
				FA9A7B231CBB7A4E0098433B /* padlock@2x.png */,
				FA9A7B241CBB7A4E0098433B /* padlock@3x.png */,
				FA9A7B251CBB7A4E0098433B /* paper-clip.png */,
				FA9A7B261CBB7A4E0098433B /* paper-clip@2x.png */,
				FA9A7B271CBB7A4E0098433B /* paper-clip@3x.png */,
				FA9A7B281CBB7A4E0098433B /* resources.png */,
				FA9A7B291CBB7A4E0098433B /* resources@2x.png */,
				FA9A7B2A1CBB7A4E0098433B /* resources@3x.png */,
				FA9A7B2B1CBB7A4E0098433B /* study-group.png */,
				FA9A7B2C1CBB7A4E0098433B /* study-group@2x.png */,
				FA9A7B2D1CBB7A4E0098433B /* study-group@3x.png */,
				FA9A7B2E1CBB7A4E0098433B /* tabbar */,
				FA9A7B3E1CBB7A4E0098433B /* take-a-photo.png */,
				FA9A7B3F1CBB7A4E0098433B /* take-a-photo@2x.png */,
				FA9A7B401CBB7A4E0098433B /* take-a-photo@3x.png */,
				FA9A7B411CBB7A4E0098433B /* topbar */,
				FA9A7B541CBB7A4E0098433B /* uncheked.png */,
				FA9A7B551CBB7A4E0098433B /* uncheked@2x.png */,
				FA9A7B561CBB7A4E0098433B /* uncheked@3x.png */,
				FA9A7B571CBB7A4E0098433B /* upload.png */,
				FA9A7B581CBB7A4E0098433B /* upload@2x.png */,
				FA9A7B591CBB7A4E0098433B /* upload@3x.png */,
				FA9A7B5A1CBB7A4E0098433B /* validation */,
			);
			path = icons;
			sourceTree = "<group>";
		};
		FA9A7B031CBB7A4E0098433B /* calendar */ = {
			isa = PBXGroup;
			children = (
				FA9A7B041CBB7A4E0098433B /* arrow-right.png */,
				FA9A7B051CBB7A4E0098433B /* arrow-right@2x.png */,
				FA9A7B061CBB7A4E0098433B /* arrow-right@3x.png */,
				FA9A7B071CBB7A4E0098433B /* left-arrow.png */,
				FA9A7B081CBB7A4E0098433B /* left-arrow@2x.png */,
				FA9A7B091CBB7A4E0098433B /* left-arrow@3x.png */,
			);
			path = calendar;
			sourceTree = "<group>";
		};
		FA9A7B2E1CBB7A4E0098433B /* tabbar */ = {
			isa = PBXGroup;
			children = (
				FA9A7B2F1CBB7A4E0098433B /* chats.png */,
				FA9A7B301CBB7A4E0098433B /* chats@2x.png */,
				FA9A7B311CBB7A4E0098433B /* chats@3x.png */,
				FA9A7B321CBB7A4E0098433B /* home.png */,
				FA9A7B331CBB7A4E0098433B /* home@2x.png */,
				FA9A7B341CBB7A4E0098433B /* home@3x.png */,
				FA9A7B351CBB7A4E0098433B /* pencil ruler.png */,
				FA9A7B361CBB7A4E0098433B /* pencil ruler@2x.png */,
				FA9A7B371CBB7A4E0098433B /* pencil ruler@3x.png */,
				FA9A7B381CBB7A4E0098433B /* planner.png */,
				FA9A7B391CBB7A4E0098433B /* planner@2x.png */,
				FA9A7B3A1CBB7A4E0098433B /* planner@3x.png */,
				FA9A7B3B1CBB7A4E0098433B /* profile.png */,
				FA9A7B3C1CBB7A4E0098433B /* profile@2x.png */,
				FA9A7B3D1CBB7A4E0098433B /* profile@3x.png */,
			);
			path = tabbar;
			sourceTree = "<group>";
		};
		FA9A7B411CBB7A4E0098433B /* topbar */ = {
			isa = PBXGroup;
			children = (
				FA9A7B421CBB7A4E0098433B /* add.png */,
				FA9A7B431CBB7A4E0098433B /* add@2x.png */,
				FA9A7B441CBB7A4E0098433B /* add@3x.png */,
				FA9A7B451CBB7A4E0098433B /* back.png */,
				FA9A7B461CBB7A4E0098433B /* back@2x.png */,
				FA9A7B471CBB7A4E0098433B /* back@3x.png */,
				FA9A7B481CBB7A4E0098433B /* calendar.png */,
				FA9A7B491CBB7A4E0098433B /* calendar@2x.png */,
				FA9A7B4A1CBB7A4E0098433B /* calendar@3x.png */,
				FA9A7B4B1CBB7A4E0098433B /* menu.png */,
				FA9A7B4C1CBB7A4E0098433B /* menu@2x.png */,
				FA9A7B4D1CBB7A4E0098433B /* menu@3x.png */,
				FA9A7B4E1CBB7A4E0098433B /* search.png */,
				FA9A7B4F1CBB7A4E0098433B /* search@2x.png */,
				FA9A7B501CBB7A4E0098433B /* search@3x.png */,
				FA9A7B511CBB7A4E0098433B /* trash.png */,
				FA9A7B521CBB7A4E0098433B /* trash@2x.png */,
				FA9A7B531CBB7A4E0098433B /* trash@3x.png */,
			);
			path = topbar;
			sourceTree = "<group>";
		};
		FA9A7B5A1CBB7A4E0098433B /* validation */ = {
			isa = PBXGroup;
			children = (
				FA9A7B5B1CBB7A4E0098433B /* available.png */,
				FA9A7B5C1CBB7A4E0098433B /* available@2x.png */,
				FA9A7B5D1CBB7A4E0098433B /* available@3x.png */,
				FA9A7B5E1CBB7A4E0098433B /* not-avalable.png */,
				FA9A7B5F1CBB7A4E0098433B /* not-avalable@2x.png */,
				FA9A7B601CBB7A4E0098433B /* not-avalable@3x.png */,
			);
			path = validation;
			sourceTree = "<group>";
		};
		FA9A7BF01CBB84BF0098433B /* Controllers */ = {
			isa = PBXGroup;
			children = (
				FA9F70C01CBB9254006B9545 /* LoginViewController.h */,
				FA9F70C11CBB9254006B9545 /* LoginViewController.m */,
				FA9F711A1CBBA16A006B9545 /* SignUpViewController.h */,
				FA9F711B1CBBA16A006B9545 /* SignUpViewController.m */,
			);
			path = Controllers;
			sourceTree = "<group>";
		};
		FA9F70A31CBB8549006B9545 /* KeychainWrapper */ = {
			isa = PBXGroup;
			children = (
				FA9F70A41CBB8549006B9545 /* KeychainWrapper.h */,
				FA9F70A51CBB8549006B9545 /* KeychainWrapper.m */,
			);
			name = KeychainWrapper;
			path = "Mana-iOS/KeychainWrapper";
			sourceTree = SOURCE_ROOT;
		};
		FA9F70A71CBB85B6006B9545 /* Helpers */ = {
			isa = PBXGroup;
			children = (
				FA9F70A81CBB85B6006B9545 /* NetworkErrors.h */,
				FA9F70A91CBB85B6006B9545 /* NSError+Network.h */,
				FA9F70AA1CBB85B6006B9545 /* NSError+Network.m */,
				FA9F70AB1CBB85B6006B9545 /* NSString+Validation.h */,
				FA9F70AC1CBB85B6006B9545 /* NSString+Validation.m */,
				FA9F70AD1CBB85B6006B9545 /* UIAlertView+CustomAlert.h */,
				FA9F70AE1CBB85B6006B9545 /* UIAlertView+CustomAlert.m */,
				FA9F70AF1CBB85B6006B9545 /* UIColor+CustomColors.h */,
				FA9F70B01CBB85B6006B9545 /* UIColor+CustomColors.m */,
				FA9F70B11CBB85B6006B9545 /* UIImage+Base64.h */,
				FA9F70B21CBB85B6006B9545 /* UIImage+Base64.m */,
			);
			name = Helpers;
			path = "Mana-iOS/Helpers";
			sourceTree = SOURCE_ROOT;
		};
		FA9F70B81CBB85CE006B9545 /* Base classes */ = {
			isa = PBXGroup;
			children = (
				FA9A7BF11CBB84BF0098433B /* BaseNavigationController.h */,
				FA9A7BF21CBB84BF0098433B /* BaseNavigationController.m */,
				FA9A7BF31CBB84BF0098433B /* BaseViewController.h */,
				FA9A7BF41CBB84BF0098433B /* BaseViewController.m */,
				FA9A7BF51CBB84BF0098433B /* TokenModel.h */,
				FA9A7BF61CBB84BF0098433B /* TokenModel.m */,
				FA9A7BF71CBB84BF0098433B /* UserModel.h */,
				FA9A7BF81CBB84BF0098433B /* UserModel.m */,
			);
			name = "Base classes";
			path = Controllers;
			sourceTree = "<group>";
		};
		FA9F70C31CBB969D006B9545 /* back */ = {
			isa = PBXGroup;
			children = (
				FA9F70C41CBB969D006B9545 /* Background.png */,
				FA9F70C51CBB969D006B9545 /* Background640_960.png */,
				FA9F70C61CBB969D006B9545 /* Background640_960@2x.png */,
				FA9F70C71CBB969D006B9545 /* Background640_960@3x.png */,
				FA9F70C81CBB969D006B9545 /* Background@2x.png */,
				FA9F70C91CBB969D006B9545 /* Background@3x.png */,
				FA9F70CA1CBB969D006B9545 /* BackgroundLogin.png */,
				FA9F70CB1CBB969D006B9545 /* BackgroundLogin@2x.png */,
				FA9F70CC1CBB969D006B9545 /* BackgroundLogin@3x.png */,
				FA9F70CD1CBB969D006B9545 /* LoginBack.png */,
				FA9F70CE1CBB969D006B9545 /* LoginBack@2x.png */,
				FA9F70CF1CBB969D006B9545 /* LoginBack@3x.png */,
				FA9F70D01CBB969D006B9545 /* LoginBackGround.png */,
				FA9F70D11CBB969D006B9545 /* LoginBackGround@2x.png */,
				FA9F70D21CBB969D006B9545 /* LoginBackGround@3x.png */,
				FA9F70D31CBB969D006B9545 /* LoginScreen_iphone5.png */,
				FA9F70D41CBB969D006B9545 /* LoginScreen_iphone5@2x.png */,
				FA9F70D51CBB969D006B9545 /* LoginScreen_iphone5@3x.png */,
				FA9F70D61CBB969D006B9545 /* recover password.png */,
				FA9F70D71CBB969D006B9545 /* recover password@1x.png */,
				FA9F70D81CBB969D006B9545 /* recover password@2x.png */,
				FA9F70D91CBB969D006B9545 /* recover password@3x.png */,
				FA9F70DA1CBB969D006B9545 /* RecoverPassword.png */,
				FA9F70DB1CBB969D006B9545 /* RecoverPassword@2x.png */,
				FA9F70DC1CBB969D006B9545 /* RecoverPassword@3x.png */,
				FA9F70DD1CBB969D006B9545 /* RecoverPassword_iphone5.png */,
				FA9F70DE1CBB969D006B9545 /* RecoverPassword_iphone5@2x.png */,
				FA9F70DF1CBB969D006B9545 /* RecoverPassword_iphone5@3x.png */,
				FA9F70E01CBB969D006B9545 /* RecoverPasswordBack.png */,
				FA9F70E11CBB969D006B9545 /* RecoverPasswordBack@2x.png */,
				FA9F70E21CBB969D006B9545 /* RecoverPasswordBack@3x.png */,
				FA9F70E31CBB969D006B9545 /* SignBack.png */,
				FA9F70E41CBB969D006B9545 /* SignBack1.png */,
				FA9F70E51CBB969D006B9545 /* SignBack1@2x.png */,
				FA9F70E61CBB969D006B9545 /* SignBack1@3x.png */,
				FA9F70E71CBB969D006B9545 /* SignBack@2x.png */,
				FA9F70E81CBB969D006B9545 /* SignBack@3x.png */,
				FA9F70E91CBB969D006B9545 /* Splash(320_480)_iphone4.png */,
				FA9F70EA1CBB969D006B9545 /* Splash(320_480)_iphone4@2x.png */,
				FA9F70EB1CBB969D006B9545 /* Splash(320_480)_iphone4@3x.png */,
				FA9F70EC1CBB969D006B9545 /* Splash(320_568)_iphone5.png */,
				FA9F70ED1CBB969D006B9545 /* Splash(320_568)_iphone5@2x.png */,
				FA9F70EE1CBB969D006B9545 /* Splash(320_568)_iphone5@3x.png */,
			);
			path = back;
			sourceTree = "<group>";
		};
		FABD224D1CB7DCA500ADB50C = {
			isa = PBXGroup;
			children = (
				FABD22581CB7DCA500ADB50C /* Mana-iOS */,
				FABD22571CB7DCA500ADB50C /* Products */,
				9029844572557E8D5C6C5CB9 /* Pods */,
				DC5BDD4AB9E8FA8F3EE21092 /* Frameworks */,
			);
			sourceTree = "<group>";
		};
		FABD22571CB7DCA500ADB50C /* Products */ = {
			isa = PBXGroup;
			children = (
				FABD22561CB7DCA500ADB50C /* Mana-iOS.app */,
			);
			name = Products;
			sourceTree = "<group>";
		};
		FABD22581CB7DCA500ADB50C /* Mana-iOS */ = {
			isa = PBXGroup;
			children = (
				FA9A7BF01CBB84BF0098433B /* Controllers */,
				FABD225C1CB7DCA500ADB50C /* AppDelegate.h */,
				FABD225D1CB7DCA500ADB50C /* AppDelegate.m */,
				FABD225F1CB7DCA500ADB50C /* ViewController.h */,
				FABD22601CB7DCA500ADB50C /* ViewController.m */,
				FABD22621CB7DCA500ADB50C /* Main.storyboard */,
				FABD22651CB7DCA500ADB50C /* Assets.xcassets */,
				FABD22671CB7DCA500ADB50C /* LaunchScreen.storyboard */,
				FABD226A1CB7DCA500ADB50C /* Info.plist */,
				FABD22591CB7DCA500ADB50C /* Supporting Files */,
			);
			path = "Mana-iOS";
			sourceTree = "<group>";
		};
		FABD22591CB7DCA500ADB50C /* Supporting Files */ = {
			isa = PBXGroup;
			children = (
				FA9F70A31CBB8549006B9545 /* KeychainWrapper */,
				FA9F70A71CBB85B6006B9545 /* Helpers */,
				FA9F70B81CBB85CE006B9545 /* Base classes */,
				FA9A7AF01CBB7A4E0098433B /* images */,
				FABD225A1CB7DCA500ADB50C /* main.m */,
				FA9F70BB1CBB8984006B9545 /* Podfile */,
			);
			name = "Supporting Files";
			sourceTree = "<group>";
		};
/* End PBXGroup section */

/* Begin PBXNativeTarget section */
		FABD22551CB7DCA500ADB50C /* Mana-iOS */ = {
			isa = PBXNativeTarget;
			buildConfigurationList = FABD226D1CB7DCA500ADB50C /* Build configuration list for PBXNativeTarget "Mana-iOS" */;
			buildPhases = (
				0F9FCD1F2CB451E58C340750 /* Check Pods Manifest.lock */,
				FABD22521CB7DCA500ADB50C /* Sources */,
				FABD22531CB7DCA500ADB50C /* Frameworks */,
				FABD22541CB7DCA500ADB50C /* Resources */,
				1227408605433ECF7CBBBD04 /* Embed Pods Frameworks */,
				8DF4E73BED6C5F866A15B3A4 /* Copy Pods Resources */,
			);
			buildRules = (
			);
			dependencies = (
			);
			name = "Mana-iOS";
			productName = "Mana-iOS";
			productReference = FABD22561CB7DCA500ADB50C /* Mana-iOS.app */;
			productType = "com.apple.product-type.application";
		};
/* End PBXNativeTarget section */

/* Begin PBXProject section */
		FABD224E1CB7DCA500ADB50C /* Project object */ = {
			isa = PBXProject;
			attributes = {
				LastUpgradeCheck = 0730;
				ORGANIZATIONNAME = DB2;
				TargetAttributes = {
					FABD22551CB7DCA500ADB50C = {
						CreatedOnToolsVersion = 7.3;
					};
				};
			};
			buildConfigurationList = FABD22511CB7DCA500ADB50C /* Build configuration list for PBXProject "Mana-iOS" */;
			compatibilityVersion = "Xcode 3.2";
			developmentRegion = English;
			hasScannedForEncodings = 0;
			knownRegions = (
				en,
				Base,
			);
			mainGroup = FABD224D1CB7DCA500ADB50C;
			productRefGroup = FABD22571CB7DCA500ADB50C /* Products */;
			projectDirPath = "";
			projectRoot = "";
			targets = (
				FABD22551CB7DCA500ADB50C /* Mana-iOS */,
			);
		};
/* End PBXProject section */

/* Begin PBXResourcesBuildPhase section */
		FABD22541CB7DCA500ADB50C /* Resources */ = {
			isa = PBXResourcesBuildPhase;
			buildActionMask = 2147483647;
			files = (
				FA9F70BC1CBB8984006B9545 /* Podfile in Resources */,
				FA9A7B9A1CBB7A4E0098433B /* logout@2x.png in Resources */,
				FA9A7BAD1CBB7A4E0098433B /* study-group@3x.png in Resources */,
				FA9A7BD01CBB7A4E0098433B /* trash@2x.png in Resources */,
				FA9A7BB11CBB7A4E0098433B /* home.png in Resources */,
				FA9A7BA01CBB7A4E0098433B /* more-details@2x.png in Resources */,
				FA9A7BC51CBB7A4E0098433B /* back@3x.png in Resources */,
				FA9F70FF1CBB969E006B9545 /* LoginScreen_iphone5@2x.png in Resources */,
				FA9A7B741CBB7A4E0098433B /* add new button@2x.png in Resources */,
				FA9A7B7E1CBB7A4E0098433B /* factoid.png in Resources */,
				FA9A7B821CBB7A4E0098433B /* big arrow right@2x.png in Resources */,
				FA9A7BA81CBB7A4E0098433B /* resources.png in Resources */,
				FA9A7BA41CBB7A4E0098433B /* padlock@3x.png in Resources */,
				FA9A7BD61CBB7A4E0098433B /* upload@2x.png in Resources */,
				FA9A7B831CBB7A4E0098433B /* big arrow right@3x.png in Resources */,
				FA9A7BB91CBB7A4E0098433B /* planner@3x.png in Resources */,
				FA9A7BD41CBB7A4E0098433B /* uncheked@3x.png in Resources */,
				FA9F71041CBB969E006B9545 /* recover password@3x.png in Resources */,
				FA9A7BEA1CBB7A4E0098433B /* switch off.png in Resources */,
				FA9F70EF1CBB969D006B9545 /* Background.png in Resources */,
				FA9A7BAA1CBB7A4E0098433B /* resources@3x.png in Resources */,
				FA9A7BEE1CBB7A4E0098433B /* switch on@2x.png in Resources */,
				FA9A7BD71CBB7A4E0098433B /* upload@3x.png in Resources */,
				FA9A7BB21CBB7A4E0098433B /* home@2x.png in Resources */,
				FA9A7BDC1CBB7A4E0098433B /* not-avalable@2x.png in Resources */,
				FA9A7BC71CBB7A4E0098433B /* calendar@2x.png in Resources */,
				FA9F71121CBB969E006B9545 /* SignBack@2x.png in Resources */,
				FA9A7BCA1CBB7A4E0098433B /* menu@2x.png in Resources */,
				FA9F71071CBB969E006B9545 /* RecoverPassword@3x.png in Resources */,
				FA9A7B9C1CBB7A4E0098433B /* members.png in Resources */,
				FA9A7BEB1CBB7A4E0098433B /* switch off@2x.png in Resources */,
				FA9F71001CBB969E006B9545 /* LoginScreen_iphone5@3x.png in Resources */,
				FA9A7B9D1CBB7A4E0098433B /* members@2x.png in Resources */,
				FA9A7BDD1CBB7A4E0098433B /* not-avalable@3x.png in Resources */,
				FA9F70F71CBB969E006B9545 /* BackgroundLogin@3x.png in Resources */,
				FA9A7B731CBB7A4E0098433B /* add new button.png in Resources */,
				FA9A7BDF1CBB7A4E0098433B /* logo@2x.png in Resources */,
				FA9A7B801CBB7A4E0098433B /* factoid@3x.png in Resources */,
				FA9A7B9F1CBB7A4E0098433B /* more-details.png in Resources */,
				FA9A7B921CBB7A4E0098433B /* edit@3x.png in Resources */,
				FA9A7B891CBB7A4E0098433B /* left-arrow@3x.png in Resources */,
				FA9F71051CBB969E006B9545 /* RecoverPassword.png in Resources */,
				FA9A7B771CBB7A4E0098433B /* add-class@3x.png in Resources */,
				FA9A7BAB1CBB7A4E0098433B /* study-group.png in Resources */,
				FA9A7B7A1CBB7A4E0098433B /* empty-class@3x.png in Resources */,
				FA9F71031CBB969E006B9545 /* recover password@2x.png in Resources */,
				FA9A7BDE1CBB7A4E0098433B /* logo.png in Resources */,
				FA9F70F51CBB969E006B9545 /* BackgroundLogin.png in Resources */,
				FA9A7B7F1CBB7A4E0098433B /* factoid@2x.png in Resources */,
				FA9A7BE61CBB7A4E0098433B /* new-study-group@3x.png in Resources */,
				FA9A7BAC1CBB7A4E0098433B /* study-group@2x.png in Resources */,
				FA9A7B991CBB7A4E0098433B /* logout.png in Resources */,
				FA9A7BD11CBB7A4E0098433B /* trash@3x.png in Resources */,
				FA9F71151CBB969E006B9545 /* Splash(320_480)_iphone4@2x.png in Resources */,
				FA9A7BC81CBB7A4E0098433B /* calendar@3x.png in Resources */,
				FA9F710E1CBB969E006B9545 /* SignBack.png in Resources */,
				FA9A7B761CBB7A4E0098433B /* add-class@2x.png in Resources */,
				FA9A7BE21CBB7A4E0098433B /* message-sent@2x.png in Resources */,
				FA9F70FA1CBB969E006B9545 /* LoginBack@3x.png in Resources */,
				FA9A7BC01CBB7A4E0098433B /* add.png in Resources */,
				FA9A7B751CBB7A4E0098433B /* add-class.png in Resources */,
				FA9A7BA71CBB7A4E0098433B /* paper-clip@3x.png in Resources */,
				FA9A7B841CBB7A4E0098433B /* arrow-right.png in Resources */,
				FA9A7BE91CBB7A4E0098433B /* settings@3x.png in Resources */,
				FA9A7B781CBB7A4E0098433B /* empty-class.png in Resources */,
				FA9A7BC31CBB7A4E0098433B /* back.png in Resources */,
				FA9A7BB31CBB7A4E0098433B /* home@3x.png in Resources */,
				FA9A7B941CBB7A4E0098433B /* email@2x.png in Resources */,
				FA9A7BA21CBB7A4E0098433B /* padlock.png in Resources */,
				FA9F710A1CBB969E006B9545 /* RecoverPassword_iphone5@3x.png in Resources */,
				FABD22691CB7DCA500ADB50C /* LaunchScreen.storyboard in Resources */,
				FA9A7BC41CBB7A4E0098433B /* back@2x.png in Resources */,
				FA9A7B981CBB7A4E0098433B /* file@3x.png in Resources */,
				FA9F70F31CBB969D006B9545 /* Background@2x.png in Resources */,
				FA9A7BA51CBB7A4E0098433B /* paper-clip.png in Resources */,
				FA9F70F21CBB969D006B9545 /* Background640_960@3x.png in Resources */,
				FABD22661CB7DCA500ADB50C /* Assets.xcassets in Resources */,
				FA9A7B911CBB7A4E0098433B /* edit@2x.png in Resources */,
				FA9A7BCB1CBB7A4E0098433B /* menu@3x.png in Resources */,
				FA9A7BE31CBB7A4E0098433B /* message-sent@3x.png in Resources */,
				FA9F71131CBB969E006B9545 /* SignBack@3x.png in Resources */,
				FA9F70FE1CBB969E006B9545 /* LoginScreen_iphone5.png in Resources */,
				FA9A7BD81CBB7A4E0098433B /* available.png in Resources */,
				FA9A7BED1CBB7A4E0098433B /* switch on.png in Resources */,
				FA9A7B7D1CBB7A4E0098433B /* empty-feed@3x.png in Resources */,
				FA9A7BCE1CBB7A4E0098433B /* search@3x.png in Resources */,
				FA9F710D1CBB969E006B9545 /* RecoverPasswordBack@3x.png in Resources */,
				FA9A7B811CBB7A4E0098433B /* big arrow right.png in Resources */,
				FA9A7BB81CBB7A4E0098433B /* planner@2x.png in Resources */,
				FA9F70F91CBB969E006B9545 /* LoginBack@2x.png in Resources */,
				FA9A7BA61CBB7A4E0098433B /* paper-clip@2x.png in Resources */,
				FA9F70FC1CBB969E006B9545 /* LoginBackGround@2x.png in Resources */,
				FA9F71111CBB969E006B9545 /* SignBack1@3x.png in Resources */,
				FA9A7BBA1CBB7A4E0098433B /* profile.png in Resources */,
				FA9F710B1CBB969E006B9545 /* RecoverPasswordBack.png in Resources */,
				FA9A7B8E1CBB7A4E0098433B /* delete@2x.png in Resources */,
				FA9F710C1CBB969E006B9545 /* RecoverPasswordBack@2x.png in Resources */,
				FA9F70F01CBB969D006B9545 /* Background640_960.png in Resources */,
				FA9A7B8D1CBB7A4E0098433B /* delete.png in Resources */,
				FA9F71141CBB969E006B9545 /* Splash(320_480)_iphone4.png in Resources */,
				FA9F71171CBB969E006B9545 /* Splash(320_568)_iphone5.png in Resources */,
				FA9A7BE51CBB7A4E0098433B /* new-study-group@2x.png in Resources */,
				FA9A7B861CBB7A4E0098433B /* arrow-right@3x.png in Resources */,
				FA9A7B9E1CBB7A4E0098433B /* members@3x.png in Resources */,
				FA9F71021CBB969E006B9545 /* recover password@1x.png in Resources */,
				FA9A7B951CBB7A4E0098433B /* email@3x.png in Resources */,
				FA9A7BB71CBB7A4E0098433B /* planner.png in Resources */,
				FA9A7BE01CBB7A4E0098433B /* logo@3x.png in Resources */,
				FA9F70F61CBB969E006B9545 /* BackgroundLogin@2x.png in Resources */,
				FA9F70FB1CBB969E006B9545 /* LoginBackGround.png in Resources */,
				FA9A7BDB1CBB7A4E0098433B /* not-avalable.png in Resources */,
				FA9A7BC91CBB7A4E0098433B /* menu.png in Resources */,
				FA9F71161CBB969E006B9545 /* Splash(320_480)_iphone4@3x.png in Resources */,
				FA9A7B7B1CBB7A4E0098433B /* empty-feed.png in Resources */,
				FABD22641CB7DCA500ADB50C /* Main.storyboard in Resources */,
				FA9A7BCF1CBB7A4E0098433B /* trash.png in Resources */,
				FA9A7BAE1CBB7A4E0098433B /* chats.png in Resources */,
				FA9F71181CBB969E006B9545 /* Splash(320_568)_iphone5@2x.png in Resources */,
				FA9F71011CBB969E006B9545 /* recover password.png in Resources */,
				FA9A7B871CBB7A4E0098433B /* left-arrow.png in Resources */,
				FA9A7BE11CBB7A4E0098433B /* message-sent.png in Resources */,
				FA9A7B791CBB7A4E0098433B /* empty-class@2x.png in Resources */,
				FA9F71191CBB969E006B9545 /* Splash(320_568)_iphone5@3x.png in Resources */,
				FA9F70F41CBB969E006B9545 /* Background@3x.png in Resources */,
				FA9A7B881CBB7A4E0098433B /* left-arrow@2x.png in Resources */,
				FA9F71091CBB969E006B9545 /* RecoverPassword_iphone5@2x.png in Resources */,
				FA9F71081CBB969E006B9545 /* RecoverPassword_iphone5.png in Resources */,
				FA9A7B901CBB7A4E0098433B /* edit.png in Resources */,
				FA9A7BD21CBB7A4E0098433B /* uncheked.png in Resources */,
				FA9A7BD51CBB7A4E0098433B /* upload.png in Resources */,
				FA9A7BBD1CBB7A4E0098433B /* take-a-photo.png in Resources */,
				FA9A7BDA1CBB7A4E0098433B /* available@3x.png in Resources */,
				FA9A7BA11CBB7A4E0098433B /* more-details@3x.png in Resources */,
				FA9A7BBF1CBB7A4E0098433B /* take-a-photo@3x.png in Resources */,
				FA9A7BB41CBB7A4E0098433B /* pencil ruler.png in Resources */,
				FA9A7BD31CBB7A4E0098433B /* uncheked@2x.png in Resources */,
				FA9A7B8A1CBB7A4E0098433B /* checked.png in Resources */,
				FA9A7BC21CBB7A4E0098433B /* add@3x.png in Resources */,
				FA9A7BC61CBB7A4E0098433B /* calendar.png in Resources */,
				FA9A7BE71CBB7A4E0098433B /* settings.png in Resources */,
				FA9F70F11CBB969D006B9545 /* Background640_960@2x.png in Resources */,
				FA9A7B971CBB7A4E0098433B /* file@2x.png in Resources */,
				FA9A7BC11CBB7A4E0098433B /* add@2x.png in Resources */,
				FA9A7BE81CBB7A4E0098433B /* settings@2x.png in Resources */,
				FA9F71101CBB969E006B9545 /* SignBack1@2x.png in Resources */,
				FA9A7B7C1CBB7A4E0098433B /* empty-feed@2x.png in Resources */,
				FA9A7BCC1CBB7A4E0098433B /* search.png in Resources */,
				FA9F71061CBB969E006B9545 /* RecoverPassword@2x.png in Resources */,
				FA9A7B8B1CBB7A4E0098433B /* checked@2x.png in Resources */,
				FA9A7BA31CBB7A4E0098433B /* padlock@2x.png in Resources */,
				FA9A7B931CBB7A4E0098433B /* email.png in Resources */,
				FA9A7BCD1CBB7A4E0098433B /* search@2x.png in Resources */,
				FA9F70FD1CBB969E006B9545 /* LoginBackGround@3x.png in Resources */,
				FA9A7BB01CBB7A4E0098433B /* chats@3x.png in Resources */,
				FA9A7BBC1CBB7A4E0098433B /* profile@3x.png in Resources */,
				FA9A7BA91CBB7A4E0098433B /* resources@2x.png in Resources */,
				FA9A7BB51CBB7A4E0098433B /* pencil ruler@2x.png in Resources */,
				FA9A7BEC1CBB7A4E0098433B /* switch off@3x.png in Resources */,
				FA9A7BBE1CBB7A4E0098433B /* take-a-photo@2x.png in Resources */,
				FA9A7BBB1CBB7A4E0098433B /* profile@2x.png in Resources */,
				FA9A7B851CBB7A4E0098433B /* arrow-right@2x.png in Resources */,
				FA9A7B8F1CBB7A4E0098433B /* delete@3x.png in Resources */,
				FA9A7BE41CBB7A4E0098433B /* new-study-group.png in Resources */,
				FA9A7BD91CBB7A4E0098433B /* available@2x.png in Resources */,
				FA9A7BAF1CBB7A4E0098433B /* chats@2x.png in Resources */,
				FA9A7B9B1CBB7A4E0098433B /* logout@3x.png in Resources */,
				FA9A7BB61CBB7A4E0098433B /* pencil ruler@3x.png in Resources */,
				FA9A7BEF1CBB7A4E0098433B /* switch on@3x.png in Resources */,
				FA9A7B8C1CBB7A4E0098433B /* checked@3x.png in Resources */,
				FA9F710F1CBB969E006B9545 /* SignBack1.png in Resources */,
				FA9F70F81CBB969E006B9545 /* LoginBack.png in Resources */,
				FA9A7B961CBB7A4E0098433B /* file.png in Resources */,
			);
			runOnlyForDeploymentPostprocessing = 0;
		};
/* End PBXResourcesBuildPhase section */

/* Begin PBXShellScriptBuildPhase section */
		0F9FCD1F2CB451E58C340750 /* Check Pods Manifest.lock */ = {
			isa = PBXShellScriptBuildPhase;
			buildActionMask = 2147483647;
			files = (
			);
			inputPaths = (
			);
			name = "Check Pods Manifest.lock";
			outputPaths = (
			);
			runOnlyForDeploymentPostprocessing = 0;
			shellPath = /bin/sh;
			shellScript = "diff \"${PODS_ROOT}/../Podfile.lock\" \"${PODS_ROOT}/Manifest.lock\" > /dev/null\nif [[ $? != 0 ]] ; then\n    cat << EOM\nerror: The sandbox is not in sync with the Podfile.lock. Run 'pod install' or update your CocoaPods installation.\nEOM\n    exit 1\nfi\n";
			showEnvVarsInLog = 0;
		};
		1227408605433ECF7CBBBD04 /* Embed Pods Frameworks */ = {
			isa = PBXShellScriptBuildPhase;
			buildActionMask = 2147483647;
			files = (
			);
			inputPaths = (
			);
			name = "Embed Pods Frameworks";
			outputPaths = (
			);
			runOnlyForDeploymentPostprocessing = 0;
			shellPath = /bin/sh;
			shellScript = "\"${SRCROOT}/Pods/Target Support Files/Pods/Pods-frameworks.sh\"\n";
			showEnvVarsInLog = 0;
		};
		8DF4E73BED6C5F866A15B3A4 /* Copy Pods Resources */ = {
			isa = PBXShellScriptBuildPhase;
			buildActionMask = 2147483647;
			files = (
			);
			inputPaths = (
			);
			name = "Copy Pods Resources";
			outputPaths = (
			);
			runOnlyForDeploymentPostprocessing = 0;
			shellPath = /bin/sh;
			shellScript = "\"${SRCROOT}/Pods/Target Support Files/Pods/Pods-resources.sh\"\n";
			showEnvVarsInLog = 0;
		};
/* End PBXShellScriptBuildPhase section */

/* Begin PBXSourcesBuildPhase section */
		FABD22521CB7DCA500ADB50C /* Sources */ = {
			isa = PBXSourcesBuildPhase;
			buildActionMask = 2147483647;
			files = (
				FA9F70B41CBB85B6006B9545 /* NSString+Validation.m in Sources */,
				FA9A7BF91CBB84BF0098433B /* BaseNavigationController.m in Sources */,
				FA9F70B51CBB85B6006B9545 /* UIAlertView+CustomAlert.m in Sources */,
				FA9F70A61CBB8549006B9545 /* KeychainWrapper.m in Sources */,
				FA9F70C21CBB9254006B9545 /* LoginViewController.m in Sources */,
				FA9F70B71CBB85B6006B9545 /* UIImage+Base64.m in Sources */,
				FA9A7BFB1CBB84BF0098433B /* TokenModel.m in Sources */,
				FA9F70B31CBB85B6006B9545 /* NSError+Network.m in Sources */,
				FA9F70B61CBB85B6006B9545 /* UIColor+CustomColors.m in Sources */,
				FA9A7BFC1CBB84BF0098433B /* UserModel.m in Sources */,
				FA9A7BFA1CBB84BF0098433B /* BaseViewController.m in Sources */,
				FA9F711C1CBBA16A006B9545 /* SignUpViewController.m in Sources */,
				FABD22611CB7DCA500ADB50C /* ViewController.m in Sources */,
				FABD225E1CB7DCA500ADB50C /* AppDelegate.m in Sources */,
				FABD225B1CB7DCA500ADB50C /* main.m in Sources */,
			);
			runOnlyForDeploymentPostprocessing = 0;
		};
/* End PBXSourcesBuildPhase section */

/* Begin PBXVariantGroup section */
		FABD22621CB7DCA500ADB50C /* Main.storyboard */ = {
			isa = PBXVariantGroup;
			children = (
				FABD22631CB7DCA500ADB50C /* Base */,
			);
			name = Main.storyboard;
			sourceTree = "<group>";
		};
		FABD22671CB7DCA500ADB50C /* LaunchScreen.storyboard */ = {
			isa = PBXVariantGroup;
			children = (
				FABD22681CB7DCA500ADB50C /* Base */,
			);
			name = LaunchScreen.storyboard;
			sourceTree = "<group>";
		};
/* End PBXVariantGroup section */

/* Begin XCBuildConfiguration section */
		FABD226B1CB7DCA500ADB50C /* Debug */ = {
			isa = XCBuildConfiguration;
			buildSettings = {
				ALWAYS_SEARCH_USER_PATHS = NO;
				CLANG_ANALYZER_NONNULL = YES;
				CLANG_CXX_LANGUAGE_STANDARD = "gnu++0x";
				CLANG_CXX_LIBRARY = "libc++";
				CLANG_ENABLE_MODULES = YES;
				CLANG_ENABLE_OBJC_ARC = YES;
				CLANG_WARN_BOOL_CONVERSION = YES;
				CLANG_WARN_CONSTANT_CONVERSION = YES;
				CLANG_WARN_DIRECT_OBJC_ISA_USAGE = YES_ERROR;
				CLANG_WARN_EMPTY_BODY = YES;
				CLANG_WARN_ENUM_CONVERSION = YES;
				CLANG_WARN_INT_CONVERSION = YES;
				CLANG_WARN_OBJC_ROOT_CLASS = YES_ERROR;
				CLANG_WARN_UNREACHABLE_CODE = YES;
				CLANG_WARN__DUPLICATE_METHOD_MATCH = YES;
				"CODE_SIGN_IDENTITY[sdk=iphoneos*]" = "iPhone Developer";
				COPY_PHASE_STRIP = NO;
				DEBUG_INFORMATION_FORMAT = dwarf;
				ENABLE_STRICT_OBJC_MSGSEND = YES;
				ENABLE_TESTABILITY = YES;
				GCC_C_LANGUAGE_STANDARD = gnu99;
				GCC_DYNAMIC_NO_PIC = NO;
				GCC_NO_COMMON_BLOCKS = YES;
				GCC_OPTIMIZATION_LEVEL = 0;
				GCC_PREPROCESSOR_DEFINITIONS = (
					"DEBUG=1",
					"$(inherited)",
				);
				GCC_WARN_64_TO_32_BIT_CONVERSION = YES;
				GCC_WARN_ABOUT_RETURN_TYPE = YES_ERROR;
				GCC_WARN_UNDECLARED_SELECTOR = YES;
				GCC_WARN_UNINITIALIZED_AUTOS = YES_AGGRESSIVE;
				GCC_WARN_UNUSED_FUNCTION = YES;
				GCC_WARN_UNUSED_VARIABLE = YES;
				IPHONEOS_DEPLOYMENT_TARGET = 9.3;
				MTL_ENABLE_DEBUG_INFO = YES;
				ONLY_ACTIVE_ARCH = YES;
				SDKROOT = iphoneos;
			};
			name = Debug;
		};
		FABD226C1CB7DCA500ADB50C /* Release */ = {
			isa = XCBuildConfiguration;
			buildSettings = {
				ALWAYS_SEARCH_USER_PATHS = NO;
				CLANG_ANALYZER_NONNULL = YES;
				CLANG_CXX_LANGUAGE_STANDARD = "gnu++0x";
				CLANG_CXX_LIBRARY = "libc++";
				CLANG_ENABLE_MODULES = YES;
				CLANG_ENABLE_OBJC_ARC = YES;
				CLANG_WARN_BOOL_CONVERSION = YES;
				CLANG_WARN_CONSTANT_CONVERSION = YES;
				CLANG_WARN_DIRECT_OBJC_ISA_USAGE = YES_ERROR;
				CLANG_WARN_EMPTY_BODY = YES;
				CLANG_WARN_ENUM_CONVERSION = YES;
				CLANG_WARN_INT_CONVERSION = YES;
				CLANG_WARN_OBJC_ROOT_CLASS = YES_ERROR;
				CLANG_WARN_UNREACHABLE_CODE = YES;
				CLANG_WARN__DUPLICATE_METHOD_MATCH = YES;
				"CODE_SIGN_IDENTITY[sdk=iphoneos*]" = "iPhone Developer";
				COPY_PHASE_STRIP = NO;
				DEBUG_INFORMATION_FORMAT = "dwarf-with-dsym";
				ENABLE_NS_ASSERTIONS = NO;
				ENABLE_STRICT_OBJC_MSGSEND = YES;
				GCC_C_LANGUAGE_STANDARD = gnu99;
				GCC_NO_COMMON_BLOCKS = YES;
				GCC_WARN_64_TO_32_BIT_CONVERSION = YES;
				GCC_WARN_ABOUT_RETURN_TYPE = YES_ERROR;
				GCC_WARN_UNDECLARED_SELECTOR = YES;
				GCC_WARN_UNINITIALIZED_AUTOS = YES_AGGRESSIVE;
				GCC_WARN_UNUSED_FUNCTION = YES;
				GCC_WARN_UNUSED_VARIABLE = YES;
				IPHONEOS_DEPLOYMENT_TARGET = 9.3;
				MTL_ENABLE_DEBUG_INFO = NO;
				SDKROOT = iphoneos;
				VALIDATE_PRODUCT = YES;
			};
			name = Release;
		};
		FABD226E1CB7DCA500ADB50C /* Debug */ = {
			isa = XCBuildConfiguration;
			baseConfigurationReference = 9C37FC52AE692B3EB1BF8302 /* Pods.debug.xcconfig */;
			buildSettings = {
				ASSETCATALOG_COMPILER_APPICON_NAME = AppIcon;
				INFOPLIST_FILE = "Mana-iOS/Info.plist";
				LD_RUNPATH_SEARCH_PATHS = "$(inherited) @executable_path/Frameworks";
				PRODUCT_BUNDLE_IDENTIFIER = "com.db2.Mana-iOS";
				PRODUCT_NAME = "$(TARGET_NAME)";
			};
			name = Debug;
		};
		FABD226F1CB7DCA500ADB50C /* Release */ = {
			isa = XCBuildConfiguration;
			baseConfigurationReference = 48A6BC5DCB6156990940E42A /* Pods.release.xcconfig */;
			buildSettings = {
				ASSETCATALOG_COMPILER_APPICON_NAME = AppIcon;
				INFOPLIST_FILE = "Mana-iOS/Info.plist";
				LD_RUNPATH_SEARCH_PATHS = "$(inherited) @executable_path/Frameworks";
				PRODUCT_BUNDLE_IDENTIFIER = "com.db2.Mana-iOS";
				PRODUCT_NAME = "$(TARGET_NAME)";
			};
			name = Release;
		};
/* End XCBuildConfiguration section */

/* Begin XCConfigurationList section */
		FABD22511CB7DCA500ADB50C /* Build configuration list for PBXProject "Mana-iOS" */ = {
			isa = XCConfigurationList;
			buildConfigurations = (
				FABD226B1CB7DCA500ADB50C /* Debug */,
				FABD226C1CB7DCA500ADB50C /* Release */,
			);
			defaultConfigurationIsVisible = 0;
			defaultConfigurationName = Release;
		};
		FABD226D1CB7DCA500ADB50C /* Build configuration list for PBXNativeTarget "Mana-iOS" */ = {
			isa = XCConfigurationList;
			buildConfigurations = (
				FABD226E1CB7DCA500ADB50C /* Debug */,
				FABD226F1CB7DCA500ADB50C /* Release */,
			);
			defaultConfigurationIsVisible = 0;
			defaultConfigurationName = Release;
		};
/* End XCConfigurationList section */
	};
	rootObject = FABD224E1CB7DCA500ADB50C /* Project object */;
}
